// !$*UTF8*$!
{
	archiveVersion = 1;
	classes = {
	};
	objectVersion = 52;
	objects = {

/* Begin PBXBuildFile section */
		AB018DD2268756D000EB0EA9 /* Kanna in Frameworks */ = {isa = PBXBuildFile; productRef = AB018DD1268756D000EB0EA9 /* Kanna */; };
		AB10117E26986B7D00C2C1A9 /* MangaStateMO+CoreDataProperties.swift in Sources */ = {isa = PBXBuildFile; fileRef = AB10117D26986B7D00C2C1A9 /* MangaStateMO+CoreDataProperties.swift */; };
		AB10118026986C1100C2C1A9 /* MangaStateMO+CoreDataClass.swift in Sources */ = {isa = PBXBuildFile; fileRef = AB10117F26986C1100C2C1A9 /* MangaStateMO+CoreDataClass.swift */; };
		AB19D619266E5C6700BA752A /* TTProgressHUD in Frameworks */ = {isa = PBXBuildFile; productRef = AB19D618266E5C6700BA752A /* TTProgressHUD */; };
		AB2CED64268AB6AE003130F7 /* MangaMO+CoreDataProperties.swift in Sources */ = {isa = PBXBuildFile; fileRef = AB2CED63268AB6AE003130F7 /* MangaMO+CoreDataProperties.swift */; };
		AB358311269D7B63009466A5 /* DFURLProtocol.swift in Sources */ = {isa = PBXBuildFile; fileRef = AB358310269D7B63009466A5 /* DFURLProtocol.swift */; };
		AB358313269D7E89009466A5 /* DFRequest.swift in Sources */ = {isa = PBXBuildFile; fileRef = AB358312269D7E89009466A5 /* DFRequest.swift */; };
		AB358315269D821D009466A5 /* DFExtensions.swift in Sources */ = {isa = PBXBuildFile; fileRef = AB358314269D821D009466A5 /* DFExtensions.swift */; };
		AB358317269D826B009466A5 /* DFStreamHandler.swift in Sources */ = {isa = PBXBuildFile; fileRef = AB358316269D826B009466A5 /* DFStreamHandler.swift */; };
		AB358319269D9996009466A5 /* DomainResolver.swift in Sources */ = {isa = PBXBuildFile; fileRef = AB358318269D9996009466A5 /* DomainResolver.swift */; };
		AB38A0CB25CA993D00764D64 /* ColorCodable.swift in Sources */ = {isa = PBXBuildFile; fileRef = AB38A0CA25CA993D00764D64 /* ColorCodable.swift */; };
		AB47FD9F25BC81A40007765D /* Normal@3x.png in Resources */ = {isa = PBXBuildFile; fileRef = AB47FD9925BC81A40007765D /* Normal@3x.png */; };
		AB47FDA025BC81A40007765D /* Normal@2x.png in Resources */ = {isa = PBXBuildFile; fileRef = AB47FD9A25BC81A40007765D /* Normal@2x.png */; };
		AB47FDA125BC81A40007765D /* Weird@3x.png in Resources */ = {isa = PBXBuildFile; fileRef = AB47FD9B25BC81A40007765D /* Weird@3x.png */; };
		AB47FDA225BC81A40007765D /* Weird@2x.png in Resources */ = {isa = PBXBuildFile; fileRef = AB47FD9C25BC81A40007765D /* Weird@2x.png */; };
		AB47FDAD25BC85060007765D /* Normal-ipad@2x.png in Resources */ = {isa = PBXBuildFile; fileRef = AB47FDAA25BC85060007765D /* Normal-ipad@2x.png */; };
		AB47FDAE25BC85060007765D /* Normal-ipad-pro@2x.png in Resources */ = {isa = PBXBuildFile; fileRef = AB47FDAB25BC85060007765D /* Normal-ipad-pro@2x.png */; };
		AB47FDAF25BC85060007765D /* Normal-ipad.png in Resources */ = {isa = PBXBuildFile; fileRef = AB47FDAC25BC85060007765D /* Normal-ipad.png */; };
		AB47FDB425BC859E0007765D /* Weird-ipad@2x.png in Resources */ = {isa = PBXBuildFile; fileRef = AB47FDB125BC859E0007765D /* Weird-ipad@2x.png */; };
		AB47FDB525BC859E0007765D /* Weird-ipad-pro@2x.png in Resources */ = {isa = PBXBuildFile; fileRef = AB47FDB225BC859E0007765D /* Weird-ipad-pro@2x.png */; };
		AB47FDB625BC859E0007765D /* Weird-ipad.png in Resources */ = {isa = PBXBuildFile; fileRef = AB47FDB325BC859E0007765D /* Weird-ipad.png */; };
		AB4FD2C1268AB83300A95968 /* MangaDetailMO+CoreDataProperties.swift in Sources */ = {isa = PBXBuildFile; fileRef = AB4FD2C0268AB83300A95968 /* MangaDetailMO+CoreDataProperties.swift */; };
		AB63EADB2699AC8200090535 /* AppEnvMO+CoreDataProperties.swift in Sources */ = {isa = PBXBuildFile; fileRef = AB63EADA2699AC8200090535 /* AppEnvMO+CoreDataProperties.swift */; };
		AB63EADD2699AC9100090535 /* AppEnvMO+CoreDataClass.swift in Sources */ = {isa = PBXBuildFile; fileRef = AB63EADC2699AC9100090535 /* AppEnvMO+CoreDataClass.swift */; };
		AB6DE897268822390087C579 /* LogsView.swift in Sources */ = {isa = PBXBuildFile; fileRef = AB6DE896268822390087C579 /* LogsView.swift */; };
		AB7E6B3025D24FE00035CC68 /* InfoPlist.strings in Resources */ = {isa = PBXBuildFile; fileRef = AB7E6B3225D24FE00035CC68 /* InfoPlist.strings */; };
		ABA732D925A8018A00B3D9AB /* Extensions.swift in Sources */ = {isa = PBXBuildFile; fileRef = ABA732D825A8018A00B3D9AB /* Extensions.swift */; };
		ABA732DF25A852D800B3D9AB /* Filter.swift in Sources */ = {isa = PBXBuildFile; fileRef = ABA732DE25A852D800B3D9AB /* Filter.swift */; };
		ABC1FAB6264152C800A9F352 /* StoreAccessor.swift in Sources */ = {isa = PBXBuildFile; fileRef = ABC1FAB5264152C800A9F352 /* StoreAccessor.swift */; };
		ABC1FAB82642C37D00A9F352 /* NewDawnView.swift in Sources */ = {isa = PBXBuildFile; fileRef = ABC1FAB72642C37D00A9F352 /* NewDawnView.swift */; };
		ABC3C7852593699B00E0C11B /* Assets.xcassets in Resources */ = {isa = PBXBuildFile; fileRef = ABC3C7692593699A00E0C11B /* Assets.xcassets */; };
		ABC3C7862593699B00E0C11B /* Utility.swift in Sources */ = {isa = PBXBuildFile; fileRef = ABC3C76A2593699A00E0C11B /* Utility.swift */; };
		ABC3C7872593699B00E0C11B /* EhPandaApp.swift in Sources */ = {isa = PBXBuildFile; fileRef = ABC3C76B2593699A00E0C11B /* EhPandaApp.swift */; };
		ABC3C7892593699B00E0C11B /* Defaults.swift in Sources */ = {isa = PBXBuildFile; fileRef = ABC3C76D2593699A00E0C11B /* Defaults.swift */; };
		ABC3C78F2593699B00E0C11B /* ViewModifiers.swift in Sources */ = {isa = PBXBuildFile; fileRef = ABC3C7762593699A00E0C11B /* ViewModifiers.swift */; };
		ABC3C7962593699B00E0C11B /* Models.swift in Sources */ = {isa = PBXBuildFile; fileRef = ABC3C7802593699A00E0C11B /* Models.swift */; };
		ABC681F326898D46007BBD69 /* Model.xcdatamodeld in Sources */ = {isa = PBXBuildFile; fileRef = ABC681F126898D46007BBD69 /* Model.xcdatamodeld */; };
		ABCA93BE26918DE100A98BC6 /* Persistence.swift in Sources */ = {isa = PBXBuildFile; fileRef = ABCA93BD26918DE100A98BC6 /* Persistence.swift */; };
		ABCA93C02691925900A98BC6 /* MangaMO+CoreDataClass.swift in Sources */ = {isa = PBXBuildFile; fileRef = ABCA93BF2691925900A98BC6 /* MangaMO+CoreDataClass.swift */; };
		ABCA93C22691929D00A98BC6 /* MangaDetailMO+CoreDataClass.swift in Sources */ = {isa = PBXBuildFile; fileRef = ABCA93C12691929D00A98BC6 /* MangaDetailMO+CoreDataClass.swift */; };
		ABCA93C42692A0BF00A98BC6 /* PersistenceAccessor.swift in Sources */ = {isa = PBXBuildFile; fileRef = ABCA93C32692A0BF00A98BC6 /* PersistenceAccessor.swift */; };
		ABCD2F0A259763FC008E5A20 /* Request.swift in Sources */ = {isa = PBXBuildFile; fileRef = ABCD2F09259763FC008E5A20 /* Request.swift */; };
		ABCD2F0E25976B95008E5A20 /* Parser.swift in Sources */ = {isa = PBXBuildFile; fileRef = ABCD2F0D25976B95008E5A20 /* Parser.swift */; };
		ABD5FDD4263D05110021A4C6 /* .swiftlint.yml in Resources */ = {isa = PBXBuildFile; fileRef = ABD5FDD3263D05110021A4C6 /* .swiftlint.yml */; };
		ABE1867826A1733000689FDC /* LaboratorySettingView.swift in Sources */ = {isa = PBXBuildFile; fileRef = ABE1867726A1733000689FDC /* LaboratorySettingView.swift */; };
		ABE1867926A18D4E00689FDC /* Kingfisher in Frameworks */ = {isa = PBXBuildFile; productRef = AB370E7B26A03B0300A1402D /* Kingfisher */; };
		ABE1867F26A18DD000689FDC /* SwiftyBeaver in Frameworks */ = {isa = PBXBuildFile; productRef = ABE1867E26A18DD000689FDC /* SwiftyBeaver */; };
		ABE2AE752699F238001D47AA /* AppEnvStorage.swift in Sources */ = {isa = PBXBuildFile; fileRef = ABE2AE742699F238001D47AA /* AppEnvStorage.swift */; };
		ABEA1FE625A9B40B002966B9 /* Setting.swift in Sources */ = {isa = PBXBuildFile; fileRef = ABEA1FE525A9B40B002966B9 /* Setting.swift */; };
		ABEE0AFA2595C6F800C997AE /* Localizable.strings in Resources */ = {isa = PBXBuildFile; fileRef = ABEE0AFC2595C6F800C997AE /* Localizable.strings */; };
		ABF313A525B1AB6600D47A2F /* Misc.swift in Sources */ = {isa = PBXBuildFile; fileRef = ABF313A425B1AB6600D47A2F /* Misc.swift */; };
		ABF45AB925F3312F00ECB568 /* AppState.swift in Sources */ = {isa = PBXBuildFile; fileRef = ABF45AB425F3312F00ECB568 /* AppState.swift */; };
		ABF45ABA25F3312F00ECB568 /* AppCommand.swift in Sources */ = {isa = PBXBuildFile; fileRef = ABF45AB525F3312F00ECB568 /* AppCommand.swift */; };
		ABF45ABB25F3312F00ECB568 /* AppError.swift in Sources */ = {isa = PBXBuildFile; fileRef = ABF45AB625F3312F00ECB568 /* AppError.swift */; };
		ABF45ABC25F3312F00ECB568 /* AppAction.swift in Sources */ = {isa = PBXBuildFile; fileRef = ABF45AB725F3312F00ECB568 /* AppAction.swift */; };
		ABF45ABD25F3312F00ECB568 /* Store.swift in Sources */ = {isa = PBXBuildFile; fileRef = ABF45AB825F3312F00ECB568 /* Store.swift */; };
		ABF45ADF25F3313D00ECB568 /* FilterView.swift in Sources */ = {isa = PBXBuildFile; fileRef = ABF45AC125F3313D00ECB568 /* FilterView.swift */; };
		ABF45AE025F3313D00ECB568 /* HomeView.swift in Sources */ = {isa = PBXBuildFile; fileRef = ABF45AC225F3313D00ECB568 /* HomeView.swift */; };
		ABF45AE125F3313D00ECB568 /* Home.swift in Sources */ = {isa = PBXBuildFile; fileRef = ABF45AC325F3313D00ECB568 /* Home.swift */; };
		ABF45AE225F3313D00ECB568 /* AuthView.swift in Sources */ = {isa = PBXBuildFile; fileRef = ABF45AC425F3313D00ECB568 /* AuthView.swift */; };
		ABF45AE325F3313D00ECB568 /* SlideMenu.swift in Sources */ = {isa = PBXBuildFile; fileRef = ABF45AC525F3313D00ECB568 /* SlideMenu.swift */; };
		ABF45AE425F3313D00ECB568 /* TagCloudView.swift in Sources */ = {isa = PBXBuildFile; fileRef = ABF45AC725F3313D00ECB568 /* TagCloudView.swift */; };
		ABF45AE525F3313D00ECB568 /* Comment.swift in Sources */ = {isa = PBXBuildFile; fileRef = ABF45AC825F3313D00ECB568 /* Comment.swift */; };
		ABF45AE725F3313D00ECB568 /* RatingView.swift in Sources */ = {isa = PBXBuildFile; fileRef = ABF45ACA25F3313D00ECB568 /* RatingView.swift */; };
		ABF45AE825F3313D00ECB568 /* LinkedText.swift in Sources */ = {isa = PBXBuildFile; fileRef = ABF45ACB25F3313D00ECB568 /* LinkedText.swift */; };
		ABF45AE925F3313D00ECB568 /* AlertView.swift in Sources */ = {isa = PBXBuildFile; fileRef = ABF45ACC25F3313D00ECB568 /* AlertView.swift */; };
		ABF45AEA25F3313D00ECB568 /* Placeholder.swift in Sources */ = {isa = PBXBuildFile; fileRef = ABF45ACD25F3313D00ECB568 /* Placeholder.swift */; };
		ABF45AEB25F3313D00ECB568 /* MangaSummaryRow.swift in Sources */ = {isa = PBXBuildFile; fileRef = ABF45ACE25F3313D00ECB568 /* MangaSummaryRow.swift */; };
		ABF45AEC25F3313D00ECB568 /* ContentView.swift in Sources */ = {isa = PBXBuildFile; fileRef = ABF45AD025F3313D00ECB568 /* ContentView.swift */; };
		ABF45AED25F3313D00ECB568 /* DetailView.swift in Sources */ = {isa = PBXBuildFile; fileRef = ABF45AD225F3313D00ECB568 /* DetailView.swift */; };
		ABF45AEE25F3313D00ECB568 /* ArchiveView.swift in Sources */ = {isa = PBXBuildFile; fileRef = ABF45AD325F3313D00ECB568 /* ArchiveView.swift */; };
		ABF45AEF25F3313D00ECB568 /* TorrentsView.swift in Sources */ = {isa = PBXBuildFile; fileRef = ABF45AD425F3313D00ECB568 /* TorrentsView.swift */; };
		ABF45AF025F3313D00ECB568 /* CommentView.swift in Sources */ = {isa = PBXBuildFile; fileRef = ABF45AD525F3313D00ECB568 /* CommentView.swift */; };
		ABF45AF125F3313D00ECB568 /* AssociatedView.swift in Sources */ = {isa = PBXBuildFile; fileRef = ABF45AD625F3313D00ECB568 /* AssociatedView.swift */; };
		ABF45AF225F3313D00ECB568 /* GeneralSettingView.swift in Sources */ = {isa = PBXBuildFile; fileRef = ABF45AD825F3313D00ECB568 /* GeneralSettingView.swift */; };
		ABF45AF325F3313D00ECB568 /* AccountSettingView.swift in Sources */ = {isa = PBXBuildFile; fileRef = ABF45AD925F3313D00ECB568 /* AccountSettingView.swift */; };
		ABF45AF425F3313D00ECB568 /* WebView.swift in Sources */ = {isa = PBXBuildFile; fileRef = ABF45ADA25F3313D00ECB568 /* WebView.swift */; };
		ABF45AF525F3313D00ECB568 /* ReadingSettingView.swift in Sources */ = {isa = PBXBuildFile; fileRef = ABF45ADB25F3313D00ECB568 /* ReadingSettingView.swift */; };
		ABF45AF625F3313D00ECB568 /* AppearanceSettingView.swift in Sources */ = {isa = PBXBuildFile; fileRef = ABF45ADC25F3313D00ECB568 /* AppearanceSettingView.swift */; };
		ABF45AF725F3313D00ECB568 /* SettingView.swift in Sources */ = {isa = PBXBuildFile; fileRef = ABF45ADD25F3313D00ECB568 /* SettingView.swift */; };
		ABF45AF825F3313D00ECB568 /* EhPandaView.swift in Sources */ = {isa = PBXBuildFile; fileRef = ABF45ADE25F3313D00ECB568 /* EhPandaView.swift */; };
		ABF75F3F25A19CD200544D29 /* User.swift in Sources */ = {isa = PBXBuildFile; fileRef = ABF75F3E25A19CD200544D29 /* User.swift */; };
/* End PBXBuildFile section */

/* Begin PBXFileReference section */
		AB10117D26986B7D00C2C1A9 /* MangaStateMO+CoreDataProperties.swift */ = {isa = PBXFileReference; lastKnownFileType = sourcecode.swift; path = "MangaStateMO+CoreDataProperties.swift"; sourceTree = "<group>"; };
		AB10117F26986C1100C2C1A9 /* MangaStateMO+CoreDataClass.swift */ = {isa = PBXFileReference; lastKnownFileType = sourcecode.swift; path = "MangaStateMO+CoreDataClass.swift"; sourceTree = "<group>"; };
		AB2CED63268AB6AE003130F7 /* MangaMO+CoreDataProperties.swift */ = {isa = PBXFileReference; lastKnownFileType = sourcecode.swift; path = "MangaMO+CoreDataProperties.swift"; sourceTree = "<group>"; };
		AB358310269D7B63009466A5 /* DFURLProtocol.swift */ = {isa = PBXFileReference; lastKnownFileType = sourcecode.swift; path = DFURLProtocol.swift; sourceTree = "<group>"; };
		AB358312269D7E89009466A5 /* DFRequest.swift */ = {isa = PBXFileReference; lastKnownFileType = sourcecode.swift; path = DFRequest.swift; sourceTree = "<group>"; };
		AB358314269D821D009466A5 /* DFExtensions.swift */ = {isa = PBXFileReference; lastKnownFileType = sourcecode.swift; path = DFExtensions.swift; sourceTree = "<group>"; };
		AB358316269D826B009466A5 /* DFStreamHandler.swift */ = {isa = PBXFileReference; lastKnownFileType = sourcecode.swift; path = DFStreamHandler.swift; sourceTree = "<group>"; };
		AB358318269D9996009466A5 /* DomainResolver.swift */ = {isa = PBXFileReference; lastKnownFileType = sourcecode.swift; path = DomainResolver.swift; sourceTree = "<group>"; };
		AB38A0CA25CA993D00764D64 /* ColorCodable.swift */ = {isa = PBXFileReference; fileEncoding = 4; lastKnownFileType = sourcecode.swift; path = ColorCodable.swift; sourceTree = "<group>"; };
		AB47FD9925BC81A40007765D /* Normal@3x.png */ = {isa = PBXFileReference; lastKnownFileType = image.png; path = "Normal@3x.png"; sourceTree = "<group>"; };
		AB47FD9A25BC81A40007765D /* Normal@2x.png */ = {isa = PBXFileReference; lastKnownFileType = image.png; path = "Normal@2x.png"; sourceTree = "<group>"; };
		AB47FD9B25BC81A40007765D /* Weird@3x.png */ = {isa = PBXFileReference; lastKnownFileType = image.png; path = "Weird@3x.png"; sourceTree = "<group>"; };
		AB47FD9C25BC81A40007765D /* Weird@2x.png */ = {isa = PBXFileReference; lastKnownFileType = image.png; path = "Weird@2x.png"; sourceTree = "<group>"; };
		AB47FDAA25BC85060007765D /* Normal-ipad@2x.png */ = {isa = PBXFileReference; lastKnownFileType = image.png; path = "Normal-ipad@2x.png"; sourceTree = "<group>"; };
		AB47FDAB25BC85060007765D /* Normal-ipad-pro@2x.png */ = {isa = PBXFileReference; lastKnownFileType = image.png; path = "Normal-ipad-pro@2x.png"; sourceTree = "<group>"; };
		AB47FDAC25BC85060007765D /* Normal-ipad.png */ = {isa = PBXFileReference; lastKnownFileType = image.png; path = "Normal-ipad.png"; sourceTree = "<group>"; };
		AB47FDB125BC859E0007765D /* Weird-ipad@2x.png */ = {isa = PBXFileReference; lastKnownFileType = image.png; path = "Weird-ipad@2x.png"; sourceTree = "<group>"; };
		AB47FDB225BC859E0007765D /* Weird-ipad-pro@2x.png */ = {isa = PBXFileReference; lastKnownFileType = image.png; path = "Weird-ipad-pro@2x.png"; sourceTree = "<group>"; };
		AB47FDB325BC859E0007765D /* Weird-ipad.png */ = {isa = PBXFileReference; lastKnownFileType = image.png; path = "Weird-ipad.png"; sourceTree = "<group>"; };
		AB4FD2C0268AB83300A95968 /* MangaDetailMO+CoreDataProperties.swift */ = {isa = PBXFileReference; lastKnownFileType = sourcecode.swift; path = "MangaDetailMO+CoreDataProperties.swift"; sourceTree = "<group>"; };
		AB63EADA2699AC8200090535 /* AppEnvMO+CoreDataProperties.swift */ = {isa = PBXFileReference; lastKnownFileType = sourcecode.swift; path = "AppEnvMO+CoreDataProperties.swift"; sourceTree = "<group>"; };
		AB63EADC2699AC9100090535 /* AppEnvMO+CoreDataClass.swift */ = {isa = PBXFileReference; lastKnownFileType = sourcecode.swift; path = "AppEnvMO+CoreDataClass.swift"; sourceTree = "<group>"; };
		AB6DE896268822390087C579 /* LogsView.swift */ = {isa = PBXFileReference; lastKnownFileType = sourcecode.swift; path = LogsView.swift; sourceTree = "<group>"; };
		AB7E6B3125D24FE00035CC68 /* ja */ = {isa = PBXFileReference; lastKnownFileType = text.plist.strings; name = ja; path = ja.lproj/InfoPlist.strings; sourceTree = "<group>"; };
		AB7E6B3425D24FE40035CC68 /* zh-Hans */ = {isa = PBXFileReference; lastKnownFileType = text.plist.strings; name = "zh-Hans"; path = "zh-Hans.lproj/InfoPlist.strings"; sourceTree = "<group>"; };
		AB7E6B3525D24FE50035CC68 /* en */ = {isa = PBXFileReference; lastKnownFileType = text.plist.strings; name = en; path = en.lproj/InfoPlist.strings; sourceTree = "<group>"; };
		AB994DBB25986F7A00E9A367 /* ja */ = {isa = PBXFileReference; lastKnownFileType = text.plist.strings; name = ja; path = ja.lproj/Localizable.strings; sourceTree = "<group>"; };
		ABA732D825A8018A00B3D9AB /* Extensions.swift */ = {isa = PBXFileReference; lastKnownFileType = sourcecode.swift; path = Extensions.swift; sourceTree = "<group>"; };
		ABA732DE25A852D800B3D9AB /* Filter.swift */ = {isa = PBXFileReference; lastKnownFileType = sourcecode.swift; path = Filter.swift; sourceTree = "<group>"; };
		ABB5013026A41EBA00B542D9 /* ko */ = {isa = PBXFileReference; lastKnownFileType = text.plist.strings; name = ko; path = ko.lproj/Localizable.strings; sourceTree = "<group>"; };
		ABB5013126A41EBA00B542D9 /* ko */ = {isa = PBXFileReference; lastKnownFileType = text.plist.strings; name = ko; path = ko.lproj/InfoPlist.strings; sourceTree = "<group>"; };
		ABC1FAB5264152C800A9F352 /* StoreAccessor.swift */ = {isa = PBXFileReference; lastKnownFileType = sourcecode.swift; path = StoreAccessor.swift; sourceTree = "<group>"; };
		ABC1FAB72642C37D00A9F352 /* NewDawnView.swift */ = {isa = PBXFileReference; lastKnownFileType = sourcecode.swift; path = NewDawnView.swift; sourceTree = "<group>"; };
		ABC3C7542593696C00E0C11B /* EhPanda.app */ = {isa = PBXFileReference; explicitFileType = wrapper.application; includeInIndex = 0; path = EhPanda.app; sourceTree = BUILT_PRODUCTS_DIR; };
		ABC3C7692593699A00E0C11B /* Assets.xcassets */ = {isa = PBXFileReference; lastKnownFileType = folder.assetcatalog; path = Assets.xcassets; sourceTree = "<group>"; };
		ABC3C76A2593699A00E0C11B /* Utility.swift */ = {isa = PBXFileReference; fileEncoding = 4; lastKnownFileType = sourcecode.swift; path = Utility.swift; sourceTree = "<group>"; };
		ABC3C76B2593699A00E0C11B /* EhPandaApp.swift */ = {isa = PBXFileReference; fileEncoding = 4; lastKnownFileType = sourcecode.swift; path = EhPandaApp.swift; sourceTree = "<group>"; };
		ABC3C76D2593699A00E0C11B /* Defaults.swift */ = {isa = PBXFileReference; fileEncoding = 4; lastKnownFileType = sourcecode.swift; path = Defaults.swift; sourceTree = "<group>"; };
		ABC3C76E2593699A00E0C11B /* Info.plist */ = {isa = PBXFileReference; fileEncoding = 4; lastKnownFileType = text.plist.xml; path = Info.plist; sourceTree = "<group>"; };
		ABC3C7762593699A00E0C11B /* ViewModifiers.swift */ = {isa = PBXFileReference; fileEncoding = 4; lastKnownFileType = sourcecode.swift; path = ViewModifiers.swift; sourceTree = "<group>"; };
		ABC3C7802593699A00E0C11B /* Models.swift */ = {isa = PBXFileReference; fileEncoding = 4; lastKnownFileType = sourcecode.swift; path = Models.swift; sourceTree = "<group>"; };
		ABC681F226898D46007BBD69 /* Model.xcdatamodel */ = {isa = PBXFileReference; lastKnownFileType = wrapper.xcdatamodel; path = Model.xcdatamodel; sourceTree = "<group>"; };
		ABCA93BD26918DE100A98BC6 /* Persistence.swift */ = {isa = PBXFileReference; lastKnownFileType = sourcecode.swift; path = Persistence.swift; sourceTree = "<group>"; };
		ABCA93BF2691925900A98BC6 /* MangaMO+CoreDataClass.swift */ = {isa = PBXFileReference; lastKnownFileType = sourcecode.swift; path = "MangaMO+CoreDataClass.swift"; sourceTree = "<group>"; };
		ABCA93C12691929D00A98BC6 /* MangaDetailMO+CoreDataClass.swift */ = {isa = PBXFileReference; lastKnownFileType = sourcecode.swift; path = "MangaDetailMO+CoreDataClass.swift"; sourceTree = "<group>"; };
		ABCA93C32692A0BF00A98BC6 /* PersistenceAccessor.swift */ = {isa = PBXFileReference; lastKnownFileType = sourcecode.swift; path = PersistenceAccessor.swift; sourceTree = "<group>"; };
		ABCD2F09259763FC008E5A20 /* Request.swift */ = {isa = PBXFileReference; lastKnownFileType = sourcecode.swift; path = Request.swift; sourceTree = "<group>"; };
		ABCD2F0D25976B95008E5A20 /* Parser.swift */ = {isa = PBXFileReference; lastKnownFileType = sourcecode.swift; path = Parser.swift; sourceTree = "<group>"; };
		ABD5FDD3263D05110021A4C6 /* .swiftlint.yml */ = {isa = PBXFileReference; fileEncoding = 4; lastKnownFileType = text.yaml; path = .swiftlint.yml; sourceTree = SOURCE_ROOT; };
		ABE1867726A1733000689FDC /* LaboratorySettingView.swift */ = {isa = PBXFileReference; lastKnownFileType = sourcecode.swift; path = LaboratorySettingView.swift; sourceTree = "<group>"; };
		ABE2AE742699F238001D47AA /* AppEnvStorage.swift */ = {isa = PBXFileReference; lastKnownFileType = sourcecode.swift; path = AppEnvStorage.swift; sourceTree = "<group>"; };
		ABE9376C265DCD9400EA8B30 /* zh-Hant */ = {isa = PBXFileReference; lastKnownFileType = text.plist.strings; name = "zh-Hant"; path = "zh-Hant.lproj/Localizable.strings"; sourceTree = "<group>"; };
		ABE9376D265DCD9400EA8B30 /* zh-Hant */ = {isa = PBXFileReference; lastKnownFileType = text.plist.strings; name = "zh-Hant"; path = "zh-Hant.lproj/InfoPlist.strings"; sourceTree = "<group>"; };
		ABEA1FE525A9B40B002966B9 /* Setting.swift */ = {isa = PBXFileReference; lastKnownFileType = sourcecode.swift; path = Setting.swift; sourceTree = "<group>"; };
		ABEE0AFB2595C6F800C997AE /* en */ = {isa = PBXFileReference; lastKnownFileType = text.plist.strings; name = en; path = en.lproj/Localizable.strings; sourceTree = "<group>"; };
		ABEE0AFE2595C73D00C997AE /* zh-Hans */ = {isa = PBXFileReference; lastKnownFileType = text.plist.strings; name = "zh-Hans"; path = "zh-Hans.lproj/Localizable.strings"; sourceTree = "<group>"; };
		ABF313A425B1AB6600D47A2F /* Misc.swift */ = {isa = PBXFileReference; lastKnownFileType = sourcecode.swift; path = Misc.swift; sourceTree = "<group>"; };
		ABF45AB425F3312F00ECB568 /* AppState.swift */ = {isa = PBXFileReference; fileEncoding = 4; lastKnownFileType = sourcecode.swift; path = AppState.swift; sourceTree = "<group>"; };
		ABF45AB525F3312F00ECB568 /* AppCommand.swift */ = {isa = PBXFileReference; fileEncoding = 4; lastKnownFileType = sourcecode.swift; path = AppCommand.swift; sourceTree = "<group>"; };
		ABF45AB625F3312F00ECB568 /* AppError.swift */ = {isa = PBXFileReference; fileEncoding = 4; lastKnownFileType = sourcecode.swift; path = AppError.swift; sourceTree = "<group>"; };
		ABF45AB725F3312F00ECB568 /* AppAction.swift */ = {isa = PBXFileReference; fileEncoding = 4; lastKnownFileType = sourcecode.swift; path = AppAction.swift; sourceTree = "<group>"; };
		ABF45AB825F3312F00ECB568 /* Store.swift */ = {isa = PBXFileReference; fileEncoding = 4; lastKnownFileType = sourcecode.swift; path = Store.swift; sourceTree = "<group>"; };
		ABF45AC125F3313D00ECB568 /* FilterView.swift */ = {isa = PBXFileReference; fileEncoding = 4; lastKnownFileType = sourcecode.swift; path = FilterView.swift; sourceTree = "<group>"; };
		ABF45AC225F3313D00ECB568 /* HomeView.swift */ = {isa = PBXFileReference; fileEncoding = 4; lastKnownFileType = sourcecode.swift; path = HomeView.swift; sourceTree = "<group>"; };
		ABF45AC325F3313D00ECB568 /* Home.swift */ = {isa = PBXFileReference; fileEncoding = 4; lastKnownFileType = sourcecode.swift; path = Home.swift; sourceTree = "<group>"; };
		ABF45AC425F3313D00ECB568 /* AuthView.swift */ = {isa = PBXFileReference; fileEncoding = 4; lastKnownFileType = sourcecode.swift; path = AuthView.swift; sourceTree = "<group>"; };
		ABF45AC525F3313D00ECB568 /* SlideMenu.swift */ = {isa = PBXFileReference; fileEncoding = 4; lastKnownFileType = sourcecode.swift; path = SlideMenu.swift; sourceTree = "<group>"; };
		ABF45AC725F3313D00ECB568 /* TagCloudView.swift */ = {isa = PBXFileReference; fileEncoding = 4; lastKnownFileType = sourcecode.swift; path = TagCloudView.swift; sourceTree = "<group>"; };
		ABF45AC825F3313D00ECB568 /* Comment.swift */ = {isa = PBXFileReference; fileEncoding = 4; lastKnownFileType = sourcecode.swift; path = Comment.swift; sourceTree = "<group>"; };
		ABF45ACA25F3313D00ECB568 /* RatingView.swift */ = {isa = PBXFileReference; fileEncoding = 4; lastKnownFileType = sourcecode.swift; path = RatingView.swift; sourceTree = "<group>"; };
		ABF45ACB25F3313D00ECB568 /* LinkedText.swift */ = {isa = PBXFileReference; fileEncoding = 4; lastKnownFileType = sourcecode.swift; path = LinkedText.swift; sourceTree = "<group>"; };
		ABF45ACC25F3313D00ECB568 /* AlertView.swift */ = {isa = PBXFileReference; fileEncoding = 4; lastKnownFileType = sourcecode.swift; path = AlertView.swift; sourceTree = "<group>"; };
		ABF45ACD25F3313D00ECB568 /* Placeholder.swift */ = {isa = PBXFileReference; fileEncoding = 4; lastKnownFileType = sourcecode.swift; path = Placeholder.swift; sourceTree = "<group>"; };
		ABF45ACE25F3313D00ECB568 /* MangaSummaryRow.swift */ = {isa = PBXFileReference; fileEncoding = 4; lastKnownFileType = sourcecode.swift; path = MangaSummaryRow.swift; sourceTree = "<group>"; };
		ABF45AD025F3313D00ECB568 /* ContentView.swift */ = {isa = PBXFileReference; fileEncoding = 4; lastKnownFileType = sourcecode.swift; path = ContentView.swift; sourceTree = "<group>"; };
		ABF45AD225F3313D00ECB568 /* DetailView.swift */ = {isa = PBXFileReference; fileEncoding = 4; lastKnownFileType = sourcecode.swift; path = DetailView.swift; sourceTree = "<group>"; };
		ABF45AD325F3313D00ECB568 /* ArchiveView.swift */ = {isa = PBXFileReference; fileEncoding = 4; lastKnownFileType = sourcecode.swift; path = ArchiveView.swift; sourceTree = "<group>"; };
		ABF45AD425F3313D00ECB568 /* TorrentsView.swift */ = {isa = PBXFileReference; fileEncoding = 4; lastKnownFileType = sourcecode.swift; path = TorrentsView.swift; sourceTree = "<group>"; };
		ABF45AD525F3313D00ECB568 /* CommentView.swift */ = {isa = PBXFileReference; fileEncoding = 4; lastKnownFileType = sourcecode.swift; path = CommentView.swift; sourceTree = "<group>"; };
		ABF45AD625F3313D00ECB568 /* AssociatedView.swift */ = {isa = PBXFileReference; fileEncoding = 4; lastKnownFileType = sourcecode.swift; path = AssociatedView.swift; sourceTree = "<group>"; };
		ABF45AD825F3313D00ECB568 /* GeneralSettingView.swift */ = {isa = PBXFileReference; fileEncoding = 4; lastKnownFileType = sourcecode.swift; path = GeneralSettingView.swift; sourceTree = "<group>"; };
		ABF45AD925F3313D00ECB568 /* AccountSettingView.swift */ = {isa = PBXFileReference; fileEncoding = 4; lastKnownFileType = sourcecode.swift; path = AccountSettingView.swift; sourceTree = "<group>"; };
		ABF45ADA25F3313D00ECB568 /* WebView.swift */ = {isa = PBXFileReference; fileEncoding = 4; lastKnownFileType = sourcecode.swift; path = WebView.swift; sourceTree = "<group>"; };
		ABF45ADB25F3313D00ECB568 /* ReadingSettingView.swift */ = {isa = PBXFileReference; fileEncoding = 4; lastKnownFileType = sourcecode.swift; path = ReadingSettingView.swift; sourceTree = "<group>"; };
		ABF45ADC25F3313D00ECB568 /* AppearanceSettingView.swift */ = {isa = PBXFileReference; fileEncoding = 4; lastKnownFileType = sourcecode.swift; path = AppearanceSettingView.swift; sourceTree = "<group>"; };
		ABF45ADD25F3313D00ECB568 /* SettingView.swift */ = {isa = PBXFileReference; fileEncoding = 4; lastKnownFileType = sourcecode.swift; path = SettingView.swift; sourceTree = "<group>"; };
		ABF45ADE25F3313D00ECB568 /* EhPandaView.swift */ = {isa = PBXFileReference; fileEncoding = 4; lastKnownFileType = sourcecode.swift; path = EhPandaView.swift; sourceTree = "<group>"; };
		ABF53F4725A306D200AB5918 /* EhPanda.entitlements */ = {isa = PBXFileReference; lastKnownFileType = text.plist.entitlements; path = EhPanda.entitlements; sourceTree = "<group>"; };
		ABF75F3E25A19CD200544D29 /* User.swift */ = {isa = PBXFileReference; lastKnownFileType = sourcecode.swift; path = User.swift; sourceTree = "<group>"; };
/* End PBXFileReference section */

/* Begin PBXFrameworksBuildPhase section */
		ABC3C7512593696C00E0C11B /* Frameworks */ = {
			isa = PBXFrameworksBuildPhase;
			buildActionMask = 2147483647;
			files = (
				ABE1867926A18D4E00689FDC /* Kingfisher in Frameworks */,
				AB19D619266E5C6700BA752A /* TTProgressHUD in Frameworks */,
				AB018DD2268756D000EB0EA9 /* Kanna in Frameworks */,
				ABE1867F26A18DD000689FDC /* SwiftyBeaver in Frameworks */,
			);
			runOnlyForDeploymentPostprocessing = 0;
		};
/* End PBXFrameworksBuildPhase section */

/* Begin PBXGroup section */
		AB40CFE52598423E00D1DC9A /* Tools */ = {
			isa = PBXGroup;
			children = (
				ABCD2F0D25976B95008E5A20 /* Parser.swift */,
				ABE2AE742699F238001D47AA /* AppEnvStorage.swift */,
				AB38A0CA25CA993D00764D64 /* ColorCodable.swift */,
			);
			path = Tools;
			sourceTree = "<group>";
		};
		AB47FDA625BC823F0007765D /* AltIcons */ = {
			isa = PBXGroup;
			children = (
				AB47FD9A25BC81A40007765D /* Normal@2x.png */,
				AB47FD9925BC81A40007765D /* Normal@3x.png */,
				AB47FDAC25BC85060007765D /* Normal-ipad.png */,
				AB47FDAA25BC85060007765D /* Normal-ipad@2x.png */,
				AB47FDAB25BC85060007765D /* Normal-ipad-pro@2x.png */,
				AB47FD9C25BC81A40007765D /* Weird@2x.png */,
				AB47FD9B25BC81A40007765D /* Weird@3x.png */,
				AB47FDB325BC859E0007765D /* Weird-ipad.png */,
				AB47FDB125BC859E0007765D /* Weird-ipad@2x.png */,
				AB47FDB225BC859E0007765D /* Weird-ipad-pro@2x.png */,
			);
			path = AltIcons;
			sourceTree = "<group>";
		};
		AB821BEF268A09AC009B2381 /* Database */ = {
			isa = PBXGroup;
			children = (
				ABC681F126898D46007BBD69 /* Model.xcdatamodeld */,
				ABCA93BD26918DE100A98BC6 /* Persistence.swift */,
				ABCA93C32692A0BF00A98BC6 /* PersistenceAccessor.swift */,
				AB63EADC2699AC9100090535 /* AppEnvMO+CoreDataClass.swift */,
				AB63EADA2699AC8200090535 /* AppEnvMO+CoreDataProperties.swift */,
				ABCA93BF2691925900A98BC6 /* MangaMO+CoreDataClass.swift */,
				AB2CED63268AB6AE003130F7 /* MangaMO+CoreDataProperties.swift */,
				ABCA93C12691929D00A98BC6 /* MangaDetailMO+CoreDataClass.swift */,
				AB4FD2C0268AB83300A95968 /* MangaDetailMO+CoreDataProperties.swift */,
				AB10117F26986C1100C2C1A9 /* MangaStateMO+CoreDataClass.swift */,
				AB10117D26986B7D00C2C1A9 /* MangaStateMO+CoreDataProperties.swift */,
			);
			path = Database;
			sourceTree = "<group>";
		};
		ABC3C74B2593696C00E0C11B = {
			isa = PBXGroup;
			children = (
				ABC3C7562593696C00E0C11B /* EhPanda */,
				ABC3C7552593696C00E0C11B /* Products */,
			);
			sourceTree = "<group>";
		};
		ABC3C7552593696C00E0C11B /* Products */ = {
			isa = PBXGroup;
			children = (
				ABC3C7542593696C00E0C11B /* EhPanda.app */,
			);
			name = Products;
			sourceTree = "<group>";
		};
		ABC3C7562593696C00E0C11B /* EhPanda */ = {
			isa = PBXGroup;
			children = (
				ABC3C7682593699A00E0C11B /* App */,
				ABF45AB325F3312F00ECB568 /* DataFlow */,
				ABC3C77B2593699A00E0C11B /* Network */,
				ABC3C77F2593699A00E0C11B /* Models */,
				AB821BEF268A09AC009B2381 /* Database */,
				ABF45ABF25F3313D00ECB568 /* View */,
				ABD5FDD3263D05110021A4C6 /* .swiftlint.yml */,
				ABF53F4725A306D200AB5918 /* EhPanda.entitlements */,
			);
			path = EhPanda;
			sourceTree = "<group>";
		};
		ABC3C7682593699A00E0C11B /* App */ = {
			isa = PBXGroup;
			children = (
				ABC3C76B2593699A00E0C11B /* EhPandaApp.swift */,
				ABC3C76A2593699A00E0C11B /* Utility.swift */,
				ABC3C76D2593699A00E0C11B /* Defaults.swift */,
				ABA732D825A8018A00B3D9AB /* Extensions.swift */,
				ABC3C7762593699A00E0C11B /* ViewModifiers.swift */,
				AB40CFE52598423E00D1DC9A /* Tools */,
				ABEE0AFC2595C6F800C997AE /* Localizable.strings */,
				ABC3C7692593699A00E0C11B /* Assets.xcassets */,
				AB47FDA625BC823F0007765D /* AltIcons */,
				ABC3C76E2593699A00E0C11B /* Info.plist */,
				AB7E6B3225D24FE00035CC68 /* InfoPlist.strings */,
			);
			path = App;
			sourceTree = "<group>";
		};
		ABC3C77B2593699A00E0C11B /* Network */ = {
			isa = PBXGroup;
			children = (
				ABCD2F09259763FC008E5A20 /* Request.swift */,
				AB358318269D9996009466A5 /* DomainResolver.swift */,
				AB358312269D7E89009466A5 /* DFRequest.swift */,
				AB358316269D826B009466A5 /* DFStreamHandler.swift */,
				AB358314269D821D009466A5 /* DFExtensions.swift */,
				AB358310269D7B63009466A5 /* DFURLProtocol.swift */,
			);
			path = Network;
			sourceTree = "<group>";
		};
		ABC3C77F2593699A00E0C11B /* Models */ = {
			isa = PBXGroup;
			children = (
				ABF75F3E25A19CD200544D29 /* User.swift */,
				ABA732DE25A852D800B3D9AB /* Filter.swift */,
				ABC3C7802593699A00E0C11B /* Models.swift */,
				ABEA1FE525A9B40B002966B9 /* Setting.swift */,
				ABF313A425B1AB6600D47A2F /* Misc.swift */,
			);
			path = Models;
			sourceTree = "<group>";
		};
		ABF45AB325F3312F00ECB568 /* DataFlow */ = {
			isa = PBXGroup;
			children = (
				ABF45AB825F3312F00ECB568 /* Store.swift */,
				ABC1FAB5264152C800A9F352 /* StoreAccessor.swift */,
				ABF45AB425F3312F00ECB568 /* AppState.swift */,
				ABF45AB725F3312F00ECB568 /* AppAction.swift */,
				ABF45AB525F3312F00ECB568 /* AppCommand.swift */,
				ABF45AB625F3312F00ECB568 /* AppError.swift */,
			);
			path = DataFlow;
			sourceTree = "<group>";
		};
		ABF45ABF25F3313D00ECB568 /* View */ = {
			isa = PBXGroup;
			children = (
				ABF45AC025F3313D00ECB568 /* Home */,
				ABF45AD125F3313D00ECB568 /* Detail */,
				ABF45ACF25F3313D00ECB568 /* Content */,
				ABF45AD725F3313D00ECB568 /* Setting */,
				ABF45AC625F3313D00ECB568 /* Tools */,
			);
			path = View;
			sourceTree = "<group>";
		};
		ABF45AC025F3313D00ECB568 /* Home */ = {
			isa = PBXGroup;
			children = (
				ABF45AC325F3313D00ECB568 /* Home.swift */,
				ABF45AC525F3313D00ECB568 /* SlideMenu.swift */,
				ABF45AC225F3313D00ECB568 /* HomeView.swift */,
				ABF45AC125F3313D00ECB568 /* FilterView.swift */,
				ABF45AC425F3313D00ECB568 /* AuthView.swift */,
			);
			path = Home;
			sourceTree = "<group>";
		};
		ABF45AC625F3313D00ECB568 /* Tools */ = {
			isa = PBXGroup;
			children = (
				ABF45ACE25F3313D00ECB568 /* MangaSummaryRow.swift */,
				ABF45ACC25F3313D00ECB568 /* AlertView.swift */,
				ABC1FAB72642C37D00A9F352 /* NewDawnView.swift */,
				ABF45AC825F3313D00ECB568 /* Comment.swift */,
				ABF45ACD25F3313D00ECB568 /* Placeholder.swift */,
				ABF45AC725F3313D00ECB568 /* TagCloudView.swift */,
				ABF45ACB25F3313D00ECB568 /* LinkedText.swift */,
				ABF45ACA25F3313D00ECB568 /* RatingView.swift */,
			);
			path = Tools;
			sourceTree = "<group>";
		};
		ABF45ACF25F3313D00ECB568 /* Content */ = {
			isa = PBXGroup;
			children = (
				ABF45AD025F3313D00ECB568 /* ContentView.swift */,
			);
			path = Content;
			sourceTree = "<group>";
		};
		ABF45AD125F3313D00ECB568 /* Detail */ = {
			isa = PBXGroup;
			children = (
				ABF45AD225F3313D00ECB568 /* DetailView.swift */,
				ABF45AD325F3313D00ECB568 /* ArchiveView.swift */,
				ABF45AD425F3313D00ECB568 /* TorrentsView.swift */,
				ABF45AD525F3313D00ECB568 /* CommentView.swift */,
				ABF45AD625F3313D00ECB568 /* AssociatedView.swift */,
			);
			path = Detail;
			sourceTree = "<group>";
		};
		ABF45AD725F3313D00ECB568 /* Setting */ = {
			isa = PBXGroup;
			children = (
				ABF45ADD25F3313D00ECB568 /* SettingView.swift */,
				ABF45AD925F3313D00ECB568 /* AccountSettingView.swift */,
				ABF45AD825F3313D00ECB568 /* GeneralSettingView.swift */,
				ABF45ADC25F3313D00ECB568 /* AppearanceSettingView.swift */,
				ABF45ADB25F3313D00ECB568 /* ReadingSettingView.swift */,
				ABE1867726A1733000689FDC /* LaboratorySettingView.swift */,
				ABF45ADE25F3313D00ECB568 /* EhPandaView.swift */,
				ABF45ADA25F3313D00ECB568 /* WebView.swift */,
				AB6DE896268822390087C579 /* LogsView.swift */,
			);
			path = Setting;
			sourceTree = "<group>";
		};
/* End PBXGroup section */

/* Begin PBXNativeTarget section */
		ABC3C7532593696C00E0C11B /* EhPanda */ = {
			isa = PBXNativeTarget;
			buildConfigurationList = ABC3C7632593696E00E0C11B /* Build configuration list for PBXNativeTarget "EhPanda" */;
			buildPhases = (
				ABC3C7502593696C00E0C11B /* Sources */,
				ABC3C7512593696C00E0C11B /* Frameworks */,
				ABC3C7522593696C00E0C11B /* Resources */,
				AB69FE41263C328400716FBD /* ShellScript */,
			);
			buildRules = (
			);
			dependencies = (
			);
			name = EhPanda;
			packageProductDependencies = (
				AB19D618266E5C6700BA752A /* TTProgressHUD */,
				AB018DD1268756D000EB0EA9 /* Kanna */,
				AB370E7B26A03B0300A1402D /* Kingfisher */,
				ABE1867E26A18DD000689FDC /* SwiftyBeaver */,
			);
			productName = EhPanda;
			productReference = ABC3C7542593696C00E0C11B /* EhPanda.app */;
			productType = "com.apple.product-type.application";
		};
/* End PBXNativeTarget section */

/* Begin PBXProject section */
		ABC3C74C2593696C00E0C11B /* Project object */ = {
			isa = PBXProject;
			attributes = {
				LastSwiftUpdateCheck = 1220;
				LastUpgradeCheck = 1240;
				TargetAttributes = {
					ABC3C7532593696C00E0C11B = {
						CreatedOnToolsVersion = 12.2;
					};
				};
			};
			buildConfigurationList = ABC3C74F2593696C00E0C11B /* Build configuration list for PBXProject "EhPanda" */;
			compatibilityVersion = "Xcode 9.3";
			developmentRegion = ja;
			hasScannedForEncodings = 0;
			knownRegions = (
				en,
				Base,
				ja,
				"zh-Hans",
				"zh-Hant",
				ko,
			);
			mainGroup = ABC3C74B2593696C00E0C11B;
			packageReferences = (
				AB19D617266E5C6700BA752A /* XCRemoteSwiftPackageReference "TTProgressHUD" */,
				AB018DD0268756D000EB0EA9 /* XCRemoteSwiftPackageReference "Kanna" */,
				AB370E7A26A03B0300A1402D /* XCRemoteSwiftPackageReference "Kingfisher" */,
				ABE1867D26A18DD000689FDC /* XCRemoteSwiftPackageReference "SwiftyBeaver" */,
			);
			productRefGroup = ABC3C7552593696C00E0C11B /* Products */;
			projectDirPath = "";
			projectRoot = "";
			targets = (
				ABC3C7532593696C00E0C11B /* EhPanda */,
			);
		};
/* End PBXProject section */

/* Begin PBXResourcesBuildPhase section */
		ABC3C7522593696C00E0C11B /* Resources */ = {
			isa = PBXResourcesBuildPhase;
			buildActionMask = 2147483647;
			files = (
				ABC3C7852593699B00E0C11B /* Assets.xcassets in Resources */,
				AB47FD9F25BC81A40007765D /* Normal@3x.png in Resources */,
				AB47FDAF25BC85060007765D /* Normal-ipad.png in Resources */,
				AB7E6B3025D24FE00035CC68 /* InfoPlist.strings in Resources */,
				AB47FDA225BC81A40007765D /* Weird@2x.png in Resources */,
				ABEE0AFA2595C6F800C997AE /* Localizable.strings in Resources */,
				AB47FDA025BC81A40007765D /* Normal@2x.png in Resources */,
				AB47FDB425BC859E0007765D /* Weird-ipad@2x.png in Resources */,
				AB47FDB625BC859E0007765D /* Weird-ipad.png in Resources */,
				AB47FDB525BC859E0007765D /* Weird-ipad-pro@2x.png in Resources */,
				ABD5FDD4263D05110021A4C6 /* .swiftlint.yml in Resources */,
				AB47FDAE25BC85060007765D /* Normal-ipad-pro@2x.png in Resources */,
				AB47FDA125BC81A40007765D /* Weird@3x.png in Resources */,
				AB47FDAD25BC85060007765D /* Normal-ipad@2x.png in Resources */,
			);
			runOnlyForDeploymentPostprocessing = 0;
		};
/* End PBXResourcesBuildPhase section */

/* Begin PBXShellScriptBuildPhase section */
		AB69FE41263C328400716FBD /* ShellScript */ = {
			isa = PBXShellScriptBuildPhase;
			buildActionMask = 2147483647;
			files = (
			);
			inputFileListPaths = (
			);
			inputPaths = (
			);
			outputFileListPaths = (
			);
			outputPaths = (
			);
			runOnlyForDeploymentPostprocessing = 0;
			shellPath = /bin/sh;
			shellScript = "if which swiftlint >/dev/null; then\n  swiftlint\nelse\n  echo \"warning: SwiftLint not installed, download from https://github.com/realm/SwiftLint\"\nfi\n";
		};
/* End PBXShellScriptBuildPhase section */

/* Begin PBXSourcesBuildPhase section */
		ABC3C7502593696C00E0C11B /* Sources */ = {
			isa = PBXSourcesBuildPhase;
			buildActionMask = 2147483647;
			files = (
				ABA732D925A8018A00B3D9AB /* Extensions.swift in Sources */,
				ABF45AF325F3313D00ECB568 /* AccountSettingView.swift in Sources */,
				ABF45ABD25F3312F00ECB568 /* Store.swift in Sources */,
				ABF45AED25F3313D00ECB568 /* DetailView.swift in Sources */,
				ABCD2F0A259763FC008E5A20 /* Request.swift in Sources */,
				ABF45AE925F3313D00ECB568 /* AlertView.swift in Sources */,
				ABF45ABB25F3312F00ECB568 /* AppError.swift in Sources */,
				AB10118026986C1100C2C1A9 /* MangaStateMO+CoreDataClass.swift in Sources */,
				AB63EADB2699AC8200090535 /* AppEnvMO+CoreDataProperties.swift in Sources */,
				ABF45AE025F3313D00ECB568 /* HomeView.swift in Sources */,
				AB358319269D9996009466A5 /* DomainResolver.swift in Sources */,
				AB63EADD2699AC9100090535 /* AppEnvMO+CoreDataClass.swift in Sources */,
				ABCA93BE26918DE100A98BC6 /* Persistence.swift in Sources */,
				ABF45AEF25F3313D00ECB568 /* TorrentsView.swift in Sources */,
				ABF45AB925F3312F00ECB568 /* AppState.swift in Sources */,
				ABF45AF625F3313D00ECB568 /* AppearanceSettingView.swift in Sources */,
				ABE1867826A1733000689FDC /* LaboratorySettingView.swift in Sources */,
				ABF45AEB25F3313D00ECB568 /* MangaSummaryRow.swift in Sources */,
				ABC3C7892593699B00E0C11B /* Defaults.swift in Sources */,
				ABF45AF125F3313D00ECB568 /* AssociatedView.swift in Sources */,
				AB358317269D826B009466A5 /* DFStreamHandler.swift in Sources */,
				ABF45ADF25F3313D00ECB568 /* FilterView.swift in Sources */,
				ABE2AE752699F238001D47AA /* AppEnvStorage.swift in Sources */,
				ABC3C78F2593699B00E0C11B /* ViewModifiers.swift in Sources */,
				ABF45AF825F3313D00ECB568 /* EhPandaView.swift in Sources */,
				ABCA93C42692A0BF00A98BC6 /* PersistenceAccessor.swift in Sources */,
				ABC3C7862593699B00E0C11B /* Utility.swift in Sources */,
				ABF45AE725F3313D00ECB568 /* RatingView.swift in Sources */,
				AB2CED64268AB6AE003130F7 /* MangaMO+CoreDataProperties.swift in Sources */,
				ABCD2F0E25976B95008E5A20 /* Parser.swift in Sources */,
				ABF45AF725F3313D00ECB568 /* SettingView.swift in Sources */,
				ABF45AEA25F3313D00ECB568 /* Placeholder.swift in Sources */,
				ABC681F326898D46007BBD69 /* Model.xcdatamodeld in Sources */,
				ABF45AE125F3313D00ECB568 /* Home.swift in Sources */,
				AB4FD2C1268AB83300A95968 /* MangaDetailMO+CoreDataProperties.swift in Sources */,
				AB6DE897268822390087C579 /* LogsView.swift in Sources */,
				ABF45AF025F3313D00ECB568 /* CommentView.swift in Sources */,
				ABF45AE325F3313D00ECB568 /* SlideMenu.swift in Sources */,
				ABF45AE225F3313D00ECB568 /* AuthView.swift in Sources */,
				ABF45ABC25F3312F00ECB568 /* AppAction.swift in Sources */,
				ABF45AF525F3313D00ECB568 /* ReadingSettingView.swift in Sources */,
				AB38A0CB25CA993D00764D64 /* ColorCodable.swift in Sources */,
				ABF45AF425F3313D00ECB568 /* WebView.swift in Sources */,
				ABF45AF225F3313D00ECB568 /* GeneralSettingView.swift in Sources */,
				AB358311269D7B63009466A5 /* DFURLProtocol.swift in Sources */,
				ABF45ABA25F3312F00ECB568 /* AppCommand.swift in Sources */,
				ABF45AE425F3313D00ECB568 /* TagCloudView.swift in Sources */,
				ABCA93C22691929D00A98BC6 /* MangaDetailMO+CoreDataClass.swift in Sources */,
				ABF45AEE25F3313D00ECB568 /* ArchiveView.swift in Sources */,
				ABF45AEC25F3313D00ECB568 /* ContentView.swift in Sources */,
				ABEA1FE625A9B40B002966B9 /* Setting.swift in Sources */,
				ABCA93C02691925900A98BC6 /* MangaMO+CoreDataClass.swift in Sources */,
				ABC3C7962593699B00E0C11B /* Models.swift in Sources */,
				AB358315269D821D009466A5 /* DFExtensions.swift in Sources */,
				ABC3C7872593699B00E0C11B /* EhPandaApp.swift in Sources */,
				ABF313A525B1AB6600D47A2F /* Misc.swift in Sources */,
				ABA732DF25A852D800B3D9AB /* Filter.swift in Sources */,
				ABC1FAB82642C37D00A9F352 /* NewDawnView.swift in Sources */,
				ABF45AE825F3313D00ECB568 /* LinkedText.swift in Sources */,
				AB10117E26986B7D00C2C1A9 /* MangaStateMO+CoreDataProperties.swift in Sources */,
				ABF45AE525F3313D00ECB568 /* Comment.swift in Sources */,
				AB358313269D7E89009466A5 /* DFRequest.swift in Sources */,
				ABC1FAB6264152C800A9F352 /* StoreAccessor.swift in Sources */,
				ABF75F3F25A19CD200544D29 /* User.swift in Sources */,
			);
			runOnlyForDeploymentPostprocessing = 0;
		};
/* End PBXSourcesBuildPhase section */

/* Begin PBXVariantGroup section */
		AB7E6B3225D24FE00035CC68 /* InfoPlist.strings */ = {
			isa = PBXVariantGroup;
			children = (
				AB7E6B3125D24FE00035CC68 /* ja */,
				AB7E6B3425D24FE40035CC68 /* zh-Hans */,
				AB7E6B3525D24FE50035CC68 /* en */,
				ABE9376D265DCD9400EA8B30 /* zh-Hant */,
				ABB5013126A41EBA00B542D9 /* ko */,
			);
			name = InfoPlist.strings;
			sourceTree = "<group>";
		};
		ABEE0AFC2595C6F800C997AE /* Localizable.strings */ = {
			isa = PBXVariantGroup;
			children = (
				ABEE0AFB2595C6F800C997AE /* en */,
				ABEE0AFE2595C73D00C997AE /* zh-Hans */,
				AB994DBB25986F7A00E9A367 /* ja */,
				ABE9376C265DCD9400EA8B30 /* zh-Hant */,
				ABB5013026A41EBA00B542D9 /* ko */,
			);
			name = Localizable.strings;
			sourceTree = "<group>";
		};
/* End PBXVariantGroup section */

/* Begin XCBuildConfiguration section */
		ABC3C7612593696E00E0C11B /* Debug */ = {
			isa = XCBuildConfiguration;
			buildSettings = {
				ALWAYS_SEARCH_USER_PATHS = NO;
				CLANG_ANALYZER_LOCALIZABILITY_NONLOCALIZED = YES;
				CLANG_ANALYZER_NONNULL = YES;
				CLANG_ANALYZER_NUMBER_OBJECT_CONVERSION = YES_AGGRESSIVE;
				CLANG_CXX_LANGUAGE_STANDARD = "gnu++14";
				CLANG_CXX_LIBRARY = "libc++";
				CLANG_ENABLE_MODULES = YES;
				CLANG_ENABLE_OBJC_ARC = YES;
				CLANG_ENABLE_OBJC_WEAK = YES;
				CLANG_WARN_BLOCK_CAPTURE_AUTORELEASING = YES;
				CLANG_WARN_BOOL_CONVERSION = YES;
				CLANG_WARN_COMMA = YES;
				CLANG_WARN_CONSTANT_CONVERSION = YES;
				CLANG_WARN_DEPRECATED_OBJC_IMPLEMENTATIONS = YES;
				CLANG_WARN_DIRECT_OBJC_ISA_USAGE = YES_ERROR;
				CLANG_WARN_DOCUMENTATION_COMMENTS = YES;
				CLANG_WARN_EMPTY_BODY = YES;
				CLANG_WARN_ENUM_CONVERSION = YES;
				CLANG_WARN_INFINITE_RECURSION = YES;
				CLANG_WARN_INT_CONVERSION = YES;
				CLANG_WARN_NON_LITERAL_NULL_CONVERSION = YES;
				CLANG_WARN_OBJC_IMPLICIT_RETAIN_SELF = YES;
				CLANG_WARN_OBJC_LITERAL_CONVERSION = YES;
				CLANG_WARN_OBJC_ROOT_CLASS = YES_ERROR;
				CLANG_WARN_QUOTED_INCLUDE_IN_FRAMEWORK_HEADER = YES;
				CLANG_WARN_RANGE_LOOP_ANALYSIS = YES;
				CLANG_WARN_STRICT_PROTOTYPES = YES;
				CLANG_WARN_SUSPICIOUS_MOVE = YES;
				CLANG_WARN_UNGUARDED_AVAILABILITY = YES_AGGRESSIVE;
				CLANG_WARN_UNREACHABLE_CODE = YES;
				CLANG_WARN__DUPLICATE_METHOD_MATCH = YES;
				COPY_PHASE_STRIP = NO;
				DEBUG_INFORMATION_FORMAT = dwarf;
				ENABLE_STRICT_OBJC_MSGSEND = YES;
				ENABLE_TESTABILITY = YES;
				GCC_C_LANGUAGE_STANDARD = gnu11;
				GCC_DYNAMIC_NO_PIC = NO;
				GCC_NO_COMMON_BLOCKS = YES;
				GCC_OPTIMIZATION_LEVEL = 0;
				GCC_PREPROCESSOR_DEFINITIONS = (
					"DEBUG=1",
					"$(inherited)",
				);
				GCC_WARN_64_TO_32_BIT_CONVERSION = YES;
				GCC_WARN_ABOUT_RETURN_TYPE = YES_ERROR;
				GCC_WARN_UNDECLARED_SELECTOR = YES;
				GCC_WARN_UNINITIALIZED_AUTOS = YES_AGGRESSIVE;
				GCC_WARN_UNUSED_FUNCTION = YES;
				GCC_WARN_UNUSED_VARIABLE = YES;
				IPHONEOS_DEPLOYMENT_TARGET = 15.0;
				MTL_ENABLE_DEBUG_INFO = INCLUDE_SOURCE;
				MTL_FAST_MATH = YES;
				ONLY_ACTIVE_ARCH = YES;
				OTHER_LDFLAGS = "";
				SDKROOT = iphoneos;
				SWIFT_ACTIVE_COMPILATION_CONDITIONS = DEBUG;
				SWIFT_OPTIMIZATION_LEVEL = "-Onone";
			};
			name = Debug;
		};
		ABC3C7622593696E00E0C11B /* Release */ = {
			isa = XCBuildConfiguration;
			buildSettings = {
				ALWAYS_SEARCH_USER_PATHS = NO;
				CLANG_ANALYZER_LOCALIZABILITY_NONLOCALIZED = YES;
				CLANG_ANALYZER_NONNULL = YES;
				CLANG_ANALYZER_NUMBER_OBJECT_CONVERSION = YES_AGGRESSIVE;
				CLANG_CXX_LANGUAGE_STANDARD = "gnu++14";
				CLANG_CXX_LIBRARY = "libc++";
				CLANG_ENABLE_MODULES = YES;
				CLANG_ENABLE_OBJC_ARC = YES;
				CLANG_ENABLE_OBJC_WEAK = YES;
				CLANG_WARN_BLOCK_CAPTURE_AUTORELEASING = YES;
				CLANG_WARN_BOOL_CONVERSION = YES;
				CLANG_WARN_COMMA = YES;
				CLANG_WARN_CONSTANT_CONVERSION = YES;
				CLANG_WARN_DEPRECATED_OBJC_IMPLEMENTATIONS = YES;
				CLANG_WARN_DIRECT_OBJC_ISA_USAGE = YES_ERROR;
				CLANG_WARN_DOCUMENTATION_COMMENTS = YES;
				CLANG_WARN_EMPTY_BODY = YES;
				CLANG_WARN_ENUM_CONVERSION = YES;
				CLANG_WARN_INFINITE_RECURSION = YES;
				CLANG_WARN_INT_CONVERSION = YES;
				CLANG_WARN_NON_LITERAL_NULL_CONVERSION = YES;
				CLANG_WARN_OBJC_IMPLICIT_RETAIN_SELF = YES;
				CLANG_WARN_OBJC_LITERAL_CONVERSION = YES;
				CLANG_WARN_OBJC_ROOT_CLASS = YES_ERROR;
				CLANG_WARN_QUOTED_INCLUDE_IN_FRAMEWORK_HEADER = YES;
				CLANG_WARN_RANGE_LOOP_ANALYSIS = YES;
				CLANG_WARN_STRICT_PROTOTYPES = YES;
				CLANG_WARN_SUSPICIOUS_MOVE = YES;
				CLANG_WARN_UNGUARDED_AVAILABILITY = YES_AGGRESSIVE;
				CLANG_WARN_UNREACHABLE_CODE = YES;
				CLANG_WARN__DUPLICATE_METHOD_MATCH = YES;
				COPY_PHASE_STRIP = NO;
				DEBUG_INFORMATION_FORMAT = "dwarf-with-dsym";
				ENABLE_NS_ASSERTIONS = NO;
				ENABLE_STRICT_OBJC_MSGSEND = YES;
				GCC_C_LANGUAGE_STANDARD = gnu11;
				GCC_NO_COMMON_BLOCKS = YES;
				GCC_WARN_64_TO_32_BIT_CONVERSION = YES;
				GCC_WARN_ABOUT_RETURN_TYPE = YES_ERROR;
				GCC_WARN_UNDECLARED_SELECTOR = YES;
				GCC_WARN_UNINITIALIZED_AUTOS = YES_AGGRESSIVE;
				GCC_WARN_UNUSED_FUNCTION = YES;
				GCC_WARN_UNUSED_VARIABLE = YES;
				IPHONEOS_DEPLOYMENT_TARGET = 15.0;
				MTL_ENABLE_DEBUG_INFO = NO;
				MTL_FAST_MATH = YES;
				OTHER_LDFLAGS = "";
				SDKROOT = iphoneos;
				SWIFT_COMPILATION_MODE = wholemodule;
				SWIFT_OPTIMIZATION_LEVEL = "-O";
				VALIDATE_PRODUCT = YES;
			};
			name = Release;
		};
		ABC3C7642593696E00E0C11B /* Debug */ = {
			isa = XCBuildConfiguration;
			buildSettings = {
				ASSETCATALOG_COMPILER_APPICON_NAME = AppIcon;
				ASSETCATALOG_COMPILER_GLOBAL_ACCENT_COLOR_NAME = AccentColor;
				CODE_SIGN_ENTITLEMENTS = EhPanda/EhPanda.entitlements;
				CODE_SIGN_STYLE = Automatic;
				CURRENT_PROJECT_VERSION = 61;
				DEVELOPMENT_ASSET_PATHS = "";
				DEVELOPMENT_TEAM = 9SKQ7QTZ74;
				ENABLE_PREVIEWS = YES;
				INFOPLIST_FILE = "$(SRCROOT)/EhPanda/App/Info.plist";
				IPHONEOS_DEPLOYMENT_TARGET = 15.0;
				LD_RUNPATH_SEARCH_PATHS = (
					"$(inherited)",
					"@executable_path/Frameworks",
				);
				MARKETING_VERSION = 1.0.3;
				OTHER_LDFLAGS = "";
				PRODUCT_BUNDLE_IDENTIFIER = zeng.EhPanda;
				PRODUCT_NAME = "$(TARGET_NAME)";
				SWIFT_OPTIMIZATION_LEVEL = "-Onone";
				SWIFT_VERSION = 5.0;
				TARGETED_DEVICE_FAMILY = "1,2";
			};
			name = Debug;
		};
		ABC3C7652593696E00E0C11B /* Release */ = {
			isa = XCBuildConfiguration;
			buildSettings = {
				ASSETCATALOG_COMPILER_APPICON_NAME = AppIcon;
				ASSETCATALOG_COMPILER_GLOBAL_ACCENT_COLOR_NAME = AccentColor;
				CODE_SIGN_ENTITLEMENTS = EhPanda/EhPanda.entitlements;
				CODE_SIGN_STYLE = Automatic;
				CURRENT_PROJECT_VERSION = 61;
				DEVELOPMENT_ASSET_PATHS = "";
				DEVELOPMENT_TEAM = 9SKQ7QTZ74;
				ENABLE_PREVIEWS = YES;
				INFOPLIST_FILE = "$(SRCROOT)/EhPanda/App/Info.plist";
				IPHONEOS_DEPLOYMENT_TARGET = 15.0;
				LD_RUNPATH_SEARCH_PATHS = (
					"$(inherited)",
					"@executable_path/Frameworks",
				);
				MARKETING_VERSION = 1.0.3;
				OTHER_LDFLAGS = "";
				PRODUCT_BUNDLE_IDENTIFIER = zeng.EhPanda;
				PRODUCT_NAME = "$(TARGET_NAME)";
				SWIFT_OPTIMIZATION_LEVEL = "-O";
				SWIFT_VERSION = 5.0;
				TARGETED_DEVICE_FAMILY = "1,2";
			};
			name = Release;
		};
/* End XCBuildConfiguration section */

/* Begin XCConfigurationList section */
		ABC3C74F2593696C00E0C11B /* Build configuration list for PBXProject "EhPanda" */ = {
			isa = XCConfigurationList;
			buildConfigurations = (
				ABC3C7612593696E00E0C11B /* Debug */,
				ABC3C7622593696E00E0C11B /* Release */,
			);
			defaultConfigurationIsVisible = 0;
			defaultConfigurationName = Release;
		};
		ABC3C7632593696E00E0C11B /* Build configuration list for PBXNativeTarget "EhPanda" */ = {
			isa = XCConfigurationList;
			buildConfigurations = (
				ABC3C7642593696E00E0C11B /* Debug */,
				ABC3C7652593696E00E0C11B /* Release */,
			);
			defaultConfigurationIsVisible = 0;
			defaultConfigurationName = Release;
		};
/* End XCConfigurationList section */

/* Begin XCRemoteSwiftPackageReference section */
		AB018DD0268756D000EB0EA9 /* XCRemoteSwiftPackageReference "Kanna" */ = {
			isa = XCRemoteSwiftPackageReference;
			repositoryURL = "https://github.com/tid-kijyun/Kanna.git";
			requirement = {
				branch = master;
				kind = branch;
			};
		};
		AB19D617266E5C6700BA752A /* XCRemoteSwiftPackageReference "TTProgressHUD" */ = {
			isa = XCRemoteSwiftPackageReference;
			repositoryURL = "https://github.com/tatsuz0u/TTProgressHUD.git";
			requirement = {
				branch = master;
				kind = branch;
			};
		};
		AB370E7A26A03B0300A1402D /* XCRemoteSwiftPackageReference "Kingfisher" */ = {
			isa = XCRemoteSwiftPackageReference;
			repositoryURL = "https://github.com/onevcat/Kingfisher.git";
			requirement = {
				branch = "fix/xcode-13";
				kind = branch;
			};
		};
		ABE1867D26A18DD000689FDC /* XCRemoteSwiftPackageReference "SwiftyBeaver" */ = {
			isa = XCRemoteSwiftPackageReference;
			repositoryURL = "https://github.com/SwiftyBeaver/SwiftyBeaver.git";
			requirement = {
				branch = master;
				kind = branch;
			};
		};
/* End XCRemoteSwiftPackageReference section */

/* Begin XCSwiftPackageProductDependency section */
		AB018DD1268756D000EB0EA9 /* Kanna */ = {
			isa = XCSwiftPackageProductDependency;
			package = AB018DD0268756D000EB0EA9 /* XCRemoteSwiftPackageReference "Kanna" */;
			productName = Kanna;
		};
		AB19D618266E5C6700BA752A /* TTProgressHUD */ = {
			isa = XCSwiftPackageProductDependency;
			package = AB19D617266E5C6700BA752A /* XCRemoteSwiftPackageReference "TTProgressHUD" */;
			productName = TTProgressHUD;
		};
		AB370E7B26A03B0300A1402D /* Kingfisher */ = {
			isa = XCSwiftPackageProductDependency;
			package = AB370E7A26A03B0300A1402D /* XCRemoteSwiftPackageReference "Kingfisher" */;
			productName = Kingfisher;
		};
		ABE1867E26A18DD000689FDC /* SwiftyBeaver */ = {
			isa = XCSwiftPackageProductDependency;
			package = ABE1867D26A18DD000689FDC /* XCRemoteSwiftPackageReference "SwiftyBeaver" */;
			productName = SwiftyBeaver;
		};
/* End XCSwiftPackageProductDependency section */

/* Begin XCVersionGroup section */
		ABC681F126898D46007BBD69 /* Model.xcdatamodeld */ = {
			isa = XCVersionGroup;
			children = (
				ABC681F226898D46007BBD69 /* Model.xcdatamodel */,
			);
			currentVersion = ABC681F226898D46007BBD69 /* Model.xcdatamodel */;
			path = Model.xcdatamodeld;
			sourceTree = "<group>";
			versionGroupType = wrapper.xcdatamodel;
		};
/* End XCVersionGroup section */
	};
	rootObject = ABC3C74C2593696C00E0C11B /* Project object */;
}
