// !$*UTF8*$!
{
	archiveVersion = 1;
	classes = {
	};
	objectVersion = 52;
	objects = {

/* Begin PBXBuildFile section */
		AB15535C25B290F000D0293B /* MangaSummaryRow.swift in Sources */ = {isa = PBXBuildFile; fileRef = AB15535B25B290F000D0293B /* MangaSummaryRow.swift */; };
		AB1CBE5825B81ACC00CD6A5B /* Home.swift in Sources */ = {isa = PBXBuildFile; fileRef = AB1CBE5725B81ACC00CD6A5B /* Home.swift */; };
		AB1CBE5C25B81D8900CD6A5B /* Introspect in Frameworks */ = {isa = PBXBuildFile; productRef = AB1CBE5B25B81D8900CD6A5B /* Introspect */; };
		AB40CFDC25983EC200D1DC9A /* FileStorage.swift in Sources */ = {isa = PBXBuildFile; fileRef = AB40CFDB25983EC200D1DC9A /* FileStorage.swift */; };
		AB40CFDF25983EDF00D1DC9A /* FileHelper.swift in Sources */ = {isa = PBXBuildFile; fileRef = AB40CFDE25983EDF00D1DC9A /* FileHelper.swift */; };
		AB718B2525A0C0AC00D32962 /* CommentView.swift in Sources */ = {isa = PBXBuildFile; fileRef = AB718B2425A0C0AC00D32962 /* CommentView.swift */; };
		AB89AF4925B3CE8800A0E1BA /* Kingfisher in Frameworks */ = {isa = PBXBuildFile; productRef = AB89AF4825B3CE8800A0E1BA /* Kingfisher */; };
		AB975F6025B5697700741E1A /* AppearanceSettingView.swift in Sources */ = {isa = PBXBuildFile; fileRef = AB975F5F25B5697700741E1A /* AppearanceSettingView.swift */; };
		AB975F6325B56B1D00741E1A /* ReadingSettingView.swift in Sources */ = {isa = PBXBuildFile; fileRef = AB975F6225B56B1D00741E1A /* ReadingSettingView.swift */; };
		AB975F6625B56D5700741E1A /* GeneralSettingView.swift in Sources */ = {isa = PBXBuildFile; fileRef = AB975F6525B56D5700741E1A /* GeneralSettingView.swift */; };
		AB975F6925B5737200741E1A /* EhPandaView.swift in Sources */ = {isa = PBXBuildFile; fileRef = AB975F6825B5737200741E1A /* EhPandaView.swift */; };
		AB994DC02598B17500E9A367 /* SettingView.swift in Sources */ = {isa = PBXBuildFile; fileRef = AB994DBF2598B17500E9A367 /* SettingView.swift */; };
		AB994DC32598B3E000E9A367 /* WebView.swift in Sources */ = {isa = PBXBuildFile; fileRef = AB994DC22598B3E000E9A367 /* WebView.swift */; };
		AB994DCB2598D96200E9A367 /* AlertView.swift in Sources */ = {isa = PBXBuildFile; fileRef = AB994DCA2598D96200E9A367 /* AlertView.swift */; };
		ABA732D925A8018A00B3D9AB /* Extensions.swift in Sources */ = {isa = PBXBuildFile; fileRef = ABA732D825A8018A00B3D9AB /* Extensions.swift */; };
		ABA732DF25A852D800B3D9AB /* Filter.swift in Sources */ = {isa = PBXBuildFile; fileRef = ABA732DE25A852D800B3D9AB /* Filter.swift */; };
		ABA732E225A8590900B3D9AB /* FilterView.swift in Sources */ = {isa = PBXBuildFile; fileRef = ABA732E125A8590900B3D9AB /* FilterView.swift */; };
		ABC3C7852593699B00E0C11B /* Assets.xcassets in Resources */ = {isa = PBXBuildFile; fileRef = ABC3C7692593699A00E0C11B /* Assets.xcassets */; };
		ABC3C7862593699B00E0C11B /* Common.swift in Sources */ = {isa = PBXBuildFile; fileRef = ABC3C76A2593699A00E0C11B /* Common.swift */; };
		ABC3C7872593699B00E0C11B /* EhPandaApp.swift in Sources */ = {isa = PBXBuildFile; fileRef = ABC3C76B2593699A00E0C11B /* EhPandaApp.swift */; };
		ABC3C7892593699B00E0C11B /* Defaults.swift in Sources */ = {isa = PBXBuildFile; fileRef = ABC3C76D2593699A00E0C11B /* Defaults.swift */; };
		ABC3C78C2593699B00E0C11B /* DetailView.swift in Sources */ = {isa = PBXBuildFile; fileRef = ABC3C7722593699A00E0C11B /* DetailView.swift */; };
		ABC3C78D2593699B00E0C11B /* HomeView.swift in Sources */ = {isa = PBXBuildFile; fileRef = ABC3C7732593699A00E0C11B /* HomeView.swift */; };
		ABC3C78E2593699B00E0C11B /* ContentView.swift in Sources */ = {isa = PBXBuildFile; fileRef = ABC3C7742593699A00E0C11B /* ContentView.swift */; };
		ABC3C78F2593699B00E0C11B /* ViewModifiers.swift in Sources */ = {isa = PBXBuildFile; fileRef = ABC3C7762593699A00E0C11B /* ViewModifiers.swift */; };
		ABC3C7902593699B00E0C11B /* RatingView.swift in Sources */ = {isa = PBXBuildFile; fileRef = ABC3C7772593699A00E0C11B /* RatingView.swift */; };
		ABC3C7962593699B00E0C11B /* Manga.swift in Sources */ = {isa = PBXBuildFile; fileRef = ABC3C7802593699A00E0C11B /* Manga.swift */; };
		ABC3C79D259369FE00E0C11B /* Kanna in Frameworks */ = {isa = PBXBuildFile; productRef = ABC3C79C259369FE00E0C11B /* Kanna */; };
		ABCD2EF82597602D008E5A20 /* Store.swift in Sources */ = {isa = PBXBuildFile; fileRef = ABCD2EF72597602D008E5A20 /* Store.swift */; };
		ABCD2EFC2597607C008E5A20 /* AppAction.swift in Sources */ = {isa = PBXBuildFile; fileRef = ABCD2EFB2597607C008E5A20 /* AppAction.swift */; };
		ABCD2F00259760BE008E5A20 /* AppState.swift in Sources */ = {isa = PBXBuildFile; fileRef = ABCD2EFF259760BE008E5A20 /* AppState.swift */; };
		ABCD2F03259760CB008E5A20 /* AppCommand.swift in Sources */ = {isa = PBXBuildFile; fileRef = ABCD2F02259760CB008E5A20 /* AppCommand.swift */; };
		ABCD2F07259760D4008E5A20 /* AppError.swift in Sources */ = {isa = PBXBuildFile; fileRef = ABCD2F06259760D4008E5A20 /* AppError.swift */; };
		ABCD2F0A259763FC008E5A20 /* Request.swift in Sources */ = {isa = PBXBuildFile; fileRef = ABCD2F09259763FC008E5A20 /* Request.swift */; };
		ABCD2F0E25976B95008E5A20 /* Parser.swift in Sources */ = {isa = PBXBuildFile; fileRef = ABCD2F0D25976B95008E5A20 /* Parser.swift */; };
		ABDAD2A825AC28BF00BA4DB8 /* KRefreshScrollView.swift in Sources */ = {isa = PBXBuildFile; fileRef = ABDAD2A725AC28BF00BA4DB8 /* KRefreshScrollView.swift */; };
		ABEA1FE625A9B40B002966B9 /* Setting.swift in Sources */ = {isa = PBXBuildFile; fileRef = ABEA1FE525A9B40B002966B9 /* Setting.swift */; };
		ABEE0AFA2595C6F800C997AE /* Localizable.strings in Resources */ = {isa = PBXBuildFile; fileRef = ABEE0AFC2595C6F800C997AE /* Localizable.strings */; };
		ABF313A125B1714400D47A2F /* AssociatedView.swift in Sources */ = {isa = PBXBuildFile; fileRef = ABF313A025B1714400D47A2F /* AssociatedView.swift */; };
		ABF313A525B1AB6600D47A2F /* Misc.swift in Sources */ = {isa = PBXBuildFile; fileRef = ABF313A425B1AB6600D47A2F /* Misc.swift */; };
		ABF3D55925B023C70094AD82 /* TagCloudView.swift in Sources */ = {isa = PBXBuildFile; fileRef = ABF3D55825B023C70094AD82 /* TagCloudView.swift */; };
		ABF48D1625B2EB1800D1C667 /* Placeholder.swift in Sources */ = {isa = PBXBuildFile; fileRef = ABF48D1525B2EB1800D1C667 /* Placeholder.swift */; };
		ABF5B64825ADF2D700EE5DA8 /* AccountSettingView.swift in Sources */ = {isa = PBXBuildFile; fileRef = ABF5B64725ADF2D700EE5DA8 /* AccountSettingView.swift */; };
		ABF75F3F25A19CD200544D29 /* User.swift in Sources */ = {isa = PBXBuildFile; fileRef = ABF75F3E25A19CD200544D29 /* User.swift */; };
		ABF75F4325A1C11100544D29 /* Comment.swift in Sources */ = {isa = PBXBuildFile; fileRef = ABF75F4225A1C11100544D29 /* Comment.swift */; };
/* End PBXBuildFile section */

/* Begin PBXFileReference section */
		AB15535B25B290F000D0293B /* MangaSummaryRow.swift */ = {isa = PBXFileReference; lastKnownFileType = sourcecode.swift; path = MangaSummaryRow.swift; sourceTree = "<group>"; };
		AB1CBE5725B81ACC00CD6A5B /* Home.swift */ = {isa = PBXFileReference; fileEncoding = 4; lastKnownFileType = sourcecode.swift; path = Home.swift; sourceTree = "<group>"; };
		AB40CFDB25983EC200D1DC9A /* FileStorage.swift */ = {isa = PBXFileReference; fileEncoding = 4; lastKnownFileType = sourcecode.swift; path = FileStorage.swift; sourceTree = "<group>"; };
		AB40CFDE25983EDF00D1DC9A /* FileHelper.swift */ = {isa = PBXFileReference; fileEncoding = 4; lastKnownFileType = sourcecode.swift; path = FileHelper.swift; sourceTree = "<group>"; };
		AB718B2425A0C0AC00D32962 /* CommentView.swift */ = {isa = PBXFileReference; lastKnownFileType = sourcecode.swift; path = CommentView.swift; sourceTree = "<group>"; };
		AB975F5F25B5697700741E1A /* AppearanceSettingView.swift */ = {isa = PBXFileReference; lastKnownFileType = sourcecode.swift; path = AppearanceSettingView.swift; sourceTree = "<group>"; };
		AB975F6225B56B1D00741E1A /* ReadingSettingView.swift */ = {isa = PBXFileReference; lastKnownFileType = sourcecode.swift; path = ReadingSettingView.swift; sourceTree = "<group>"; };
		AB975F6525B56D5700741E1A /* GeneralSettingView.swift */ = {isa = PBXFileReference; lastKnownFileType = sourcecode.swift; path = GeneralSettingView.swift; sourceTree = "<group>"; };
		AB975F6825B5737200741E1A /* EhPandaView.swift */ = {isa = PBXFileReference; lastKnownFileType = sourcecode.swift; path = EhPandaView.swift; sourceTree = "<group>"; };
		AB994DBB25986F7A00E9A367 /* ja */ = {isa = PBXFileReference; lastKnownFileType = text.plist.strings; name = ja; path = ja.lproj/Localizable.strings; sourceTree = "<group>"; };
		AB994DBF2598B17500E9A367 /* SettingView.swift */ = {isa = PBXFileReference; lastKnownFileType = sourcecode.swift; path = SettingView.swift; sourceTree = "<group>"; };
		AB994DC22598B3E000E9A367 /* WebView.swift */ = {isa = PBXFileReference; lastKnownFileType = sourcecode.swift; path = WebView.swift; sourceTree = "<group>"; };
		AB994DCA2598D96200E9A367 /* AlertView.swift */ = {isa = PBXFileReference; lastKnownFileType = sourcecode.swift; path = AlertView.swift; sourceTree = "<group>"; };
		ABA732D825A8018A00B3D9AB /* Extensions.swift */ = {isa = PBXFileReference; lastKnownFileType = sourcecode.swift; path = Extensions.swift; sourceTree = "<group>"; };
		ABA732DE25A852D800B3D9AB /* Filter.swift */ = {isa = PBXFileReference; lastKnownFileType = sourcecode.swift; path = Filter.swift; sourceTree = "<group>"; };
		ABA732E125A8590900B3D9AB /* FilterView.swift */ = {isa = PBXFileReference; lastKnownFileType = sourcecode.swift; path = FilterView.swift; sourceTree = "<group>"; };
		ABC3C7542593696C00E0C11B /* EhPanda.app */ = {isa = PBXFileReference; explicitFileType = wrapper.application; includeInIndex = 0; path = EhPanda.app; sourceTree = BUILT_PRODUCTS_DIR; };
		ABC3C7692593699A00E0C11B /* Assets.xcassets */ = {isa = PBXFileReference; lastKnownFileType = folder.assetcatalog; path = Assets.xcassets; sourceTree = "<group>"; };
		ABC3C76A2593699A00E0C11B /* Common.swift */ = {isa = PBXFileReference; fileEncoding = 4; lastKnownFileType = sourcecode.swift; path = Common.swift; sourceTree = "<group>"; };
		ABC3C76B2593699A00E0C11B /* EhPandaApp.swift */ = {isa = PBXFileReference; fileEncoding = 4; lastKnownFileType = sourcecode.swift; path = EhPandaApp.swift; sourceTree = "<group>"; };
		ABC3C76D2593699A00E0C11B /* Defaults.swift */ = {isa = PBXFileReference; fileEncoding = 4; lastKnownFileType = sourcecode.swift; path = Defaults.swift; sourceTree = "<group>"; };
		ABC3C76E2593699A00E0C11B /* Info.plist */ = {isa = PBXFileReference; fileEncoding = 4; lastKnownFileType = text.plist.xml; path = Info.plist; sourceTree = "<group>"; };
		ABC3C7722593699A00E0C11B /* DetailView.swift */ = {isa = PBXFileReference; fileEncoding = 4; lastKnownFileType = sourcecode.swift; path = DetailView.swift; sourceTree = "<group>"; };
		ABC3C7732593699A00E0C11B /* HomeView.swift */ = {isa = PBXFileReference; fileEncoding = 4; lastKnownFileType = sourcecode.swift; path = HomeView.swift; sourceTree = "<group>"; };
		ABC3C7742593699A00E0C11B /* ContentView.swift */ = {isa = PBXFileReference; fileEncoding = 4; lastKnownFileType = sourcecode.swift; path = ContentView.swift; sourceTree = "<group>"; };
		ABC3C7762593699A00E0C11B /* ViewModifiers.swift */ = {isa = PBXFileReference; fileEncoding = 4; lastKnownFileType = sourcecode.swift; path = ViewModifiers.swift; sourceTree = "<group>"; };
		ABC3C7772593699A00E0C11B /* RatingView.swift */ = {isa = PBXFileReference; fileEncoding = 4; lastKnownFileType = sourcecode.swift; path = RatingView.swift; sourceTree = "<group>"; };
		ABC3C7802593699A00E0C11B /* Manga.swift */ = {isa = PBXFileReference; fileEncoding = 4; lastKnownFileType = sourcecode.swift; path = Manga.swift; sourceTree = "<group>"; };
		ABCD2EF72597602D008E5A20 /* Store.swift */ = {isa = PBXFileReference; lastKnownFileType = sourcecode.swift; path = Store.swift; sourceTree = "<group>"; };
		ABCD2EFB2597607C008E5A20 /* AppAction.swift */ = {isa = PBXFileReference; lastKnownFileType = sourcecode.swift; path = AppAction.swift; sourceTree = "<group>"; };
		ABCD2EFF259760BE008E5A20 /* AppState.swift */ = {isa = PBXFileReference; lastKnownFileType = sourcecode.swift; path = AppState.swift; sourceTree = "<group>"; };
		ABCD2F02259760CB008E5A20 /* AppCommand.swift */ = {isa = PBXFileReference; lastKnownFileType = sourcecode.swift; path = AppCommand.swift; sourceTree = "<group>"; };
		ABCD2F06259760D4008E5A20 /* AppError.swift */ = {isa = PBXFileReference; lastKnownFileType = sourcecode.swift; path = AppError.swift; sourceTree = "<group>"; };
		ABCD2F09259763FC008E5A20 /* Request.swift */ = {isa = PBXFileReference; lastKnownFileType = sourcecode.swift; path = Request.swift; sourceTree = "<group>"; };
		ABCD2F0D25976B95008E5A20 /* Parser.swift */ = {isa = PBXFileReference; lastKnownFileType = sourcecode.swift; path = Parser.swift; sourceTree = "<group>"; };
		ABDAD2A725AC28BF00BA4DB8 /* KRefreshScrollView.swift */ = {isa = PBXFileReference; fileEncoding = 4; lastKnownFileType = sourcecode.swift; path = KRefreshScrollView.swift; sourceTree = "<group>"; };
		ABEA1FE525A9B40B002966B9 /* Setting.swift */ = {isa = PBXFileReference; lastKnownFileType = sourcecode.swift; path = Setting.swift; sourceTree = "<group>"; };
		ABEE0AFB2595C6F800C997AE /* en */ = {isa = PBXFileReference; lastKnownFileType = text.plist.strings; name = en; path = en.lproj/Localizable.strings; sourceTree = "<group>"; };
		ABEE0AFE2595C73D00C997AE /* zh-Hans */ = {isa = PBXFileReference; lastKnownFileType = text.plist.strings; name = "zh-Hans"; path = "zh-Hans.lproj/Localizable.strings"; sourceTree = "<group>"; };
		ABF313A025B1714400D47A2F /* AssociatedView.swift */ = {isa = PBXFileReference; lastKnownFileType = sourcecode.swift; path = AssociatedView.swift; sourceTree = "<group>"; };
		ABF313A425B1AB6600D47A2F /* Misc.swift */ = {isa = PBXFileReference; lastKnownFileType = sourcecode.swift; path = Misc.swift; sourceTree = "<group>"; };
		ABF3D55825B023C70094AD82 /* TagCloudView.swift */ = {isa = PBXFileReference; lastKnownFileType = sourcecode.swift; path = TagCloudView.swift; sourceTree = "<group>"; };
		ABF48D1525B2EB1800D1C667 /* Placeholder.swift */ = {isa = PBXFileReference; lastKnownFileType = sourcecode.swift; path = Placeholder.swift; sourceTree = "<group>"; };
		ABF53F4725A306D200AB5918 /* EhPanda.entitlements */ = {isa = PBXFileReference; lastKnownFileType = text.plist.entitlements; path = EhPanda.entitlements; sourceTree = "<group>"; };
		ABF5B64725ADF2D700EE5DA8 /* AccountSettingView.swift */ = {isa = PBXFileReference; lastKnownFileType = sourcecode.swift; path = AccountSettingView.swift; sourceTree = "<group>"; };
		ABF75F3E25A19CD200544D29 /* User.swift */ = {isa = PBXFileReference; lastKnownFileType = sourcecode.swift; path = User.swift; sourceTree = "<group>"; };
		ABF75F4225A1C11100544D29 /* Comment.swift */ = {isa = PBXFileReference; lastKnownFileType = sourcecode.swift; path = Comment.swift; sourceTree = "<group>"; };
/* End PBXFileReference section */

/* Begin PBXFrameworksBuildPhase section */
		ABC3C7512593696C00E0C11B /* Frameworks */ = {
			isa = PBXFrameworksBuildPhase;
			buildActionMask = 2147483647;
			files = (
				AB89AF4925B3CE8800A0E1BA /* Kingfisher in Frameworks */,
				AB1CBE5C25B81D8900CD6A5B /* Introspect in Frameworks */,
				ABC3C79D259369FE00E0C11B /* Kanna in Frameworks */,
			);
			runOnlyForDeploymentPostprocessing = 0;
		};
/* End PBXFrameworksBuildPhase section */

/* Begin PBXGroup section */
		AB40CFE52598423E00D1DC9A /* ツール */ = {
			isa = PBXGroup;
			children = (
				ABCD2F0D25976B95008E5A20 /* Parser.swift */,
				AB40CFDB25983EC200D1DC9A /* FileStorage.swift */,
				AB40CFDE25983EDF00D1DC9A /* FileHelper.swift */,
			);
			path = "ツール";
			sourceTree = "<group>";
		};
		ABC3C74B2593696C00E0C11B = {
			isa = PBXGroup;
			children = (
				ABC3C7562593696C00E0C11B /* EhPanda */,
				ABC3C7552593696C00E0C11B /* Products */,
			);
			sourceTree = "<group>";
		};
		ABC3C7552593696C00E0C11B /* Products */ = {
			isa = PBXGroup;
			children = (
				ABC3C7542593696C00E0C11B /* EhPanda.app */,
			);
			name = Products;
			sourceTree = "<group>";
		};
		ABC3C7562593696C00E0C11B /* EhPanda */ = {
			isa = PBXGroup;
			children = (
				ABF53F4725A306D200AB5918 /* EhPanda.entitlements */,
				AB40CFE52598423E00D1DC9A /* ツール */,
				ABCD2EF625976006008E5A20 /* データフロー */,
				ABC3C77B2593699A00E0C11B /* ネットワーク */,
				ABC3C77F2593699A00E0C11B /* モデル */,
				ABC3C7682593699A00E0C11B /* アプリ */,
				ABC3C7702593699A00E0C11B /* ビュー */,
			);
			path = EhPanda;
			sourceTree = "<group>";
		};
		ABC3C7682593699A00E0C11B /* アプリ */ = {
			isa = PBXGroup;
			children = (
				ABC3C76B2593699A00E0C11B /* EhPandaApp.swift */,
				ABC3C76A2593699A00E0C11B /* Common.swift */,
				ABC3C76D2593699A00E0C11B /* Defaults.swift */,
				ABA732D825A8018A00B3D9AB /* Extensions.swift */,
				ABC3C7762593699A00E0C11B /* ViewModifiers.swift */,
				ABEE0AFC2595C6F800C997AE /* Localizable.strings */,
				ABC3C7692593699A00E0C11B /* Assets.xcassets */,
				ABC3C76E2593699A00E0C11B /* Info.plist */,
			);
			path = "アプリ";
			sourceTree = "<group>";
		};
		ABC3C7702593699A00E0C11B /* ビュー */ = {
			isa = PBXGroup;
			children = (
				ABF313A725B1B98400D47A2F /* ホーム */,
				ABF313A825B1B99F00D47A2F /* 詳細情報 */,
				ABF313A925B1B9B400D47A2F /* コンテンツ */,
				ABC3C7752593699A00E0C11B /* ツール */,
			);
			name = "ビュー";
			path = "ビュー";
			sourceTree = "<group>";
		};
		ABC3C7752593699A00E0C11B /* ツール */ = {
			isa = PBXGroup;
			children = (
				AB15535B25B290F000D0293B /* MangaSummaryRow.swift */,
				ABDAD2A725AC28BF00BA4DB8 /* KRefreshScrollView.swift */,
				ABF3D55825B023C70094AD82 /* TagCloudView.swift */,
				AB994DC22598B3E000E9A367 /* WebView.swift */,
				ABC3C7772593699A00E0C11B /* RatingView.swift */,
				AB994DCA2598D96200E9A367 /* AlertView.swift */,
				ABF75F4225A1C11100544D29 /* Comment.swift */,
				ABF48D1525B2EB1800D1C667 /* Placeholder.swift */,
			);
			path = "ツール";
			sourceTree = "<group>";
		};
		ABC3C77B2593699A00E0C11B /* ネットワーク */ = {
			isa = PBXGroup;
			children = (
				ABCD2F09259763FC008E5A20 /* Request.swift */,
			);
			path = "ネットワーク";
			sourceTree = "<group>";
		};
		ABC3C77F2593699A00E0C11B /* モデル */ = {
			isa = PBXGroup;
			children = (
				ABF75F3E25A19CD200544D29 /* User.swift */,
				ABA732DE25A852D800B3D9AB /* Filter.swift */,
				ABC3C7802593699A00E0C11B /* Manga.swift */,
				ABEA1FE525A9B40B002966B9 /* Setting.swift */,
				ABF313A425B1AB6600D47A2F /* Misc.swift */,
			);
			path = "モデル";
			sourceTree = "<group>";
		};
		ABCD2EF625976006008E5A20 /* データフロー */ = {
			isa = PBXGroup;
			children = (
				ABCD2EF72597602D008E5A20 /* Store.swift */,
				ABCD2EFF259760BE008E5A20 /* AppState.swift */,
				ABCD2EFB2597607C008E5A20 /* AppAction.swift */,
				ABCD2F02259760CB008E5A20 /* AppCommand.swift */,
				ABCD2F06259760D4008E5A20 /* AppError.swift */,
			);
			name = "データフロー";
			path = "データフロー";
			sourceTree = "<group>";
		};
		ABF313A725B1B98400D47A2F /* ホーム */ = {
			isa = PBXGroup;
			children = (
				AB1CBE5725B81ACC00CD6A5B /* Home.swift */,
				ABC3C7732593699A00E0C11B /* HomeView.swift */,
				AB994DBF2598B17500E9A367 /* SettingView.swift */,
				ABF5B64725ADF2D700EE5DA8 /* AccountSettingView.swift */,
				AB975F6525B56D5700741E1A /* GeneralSettingView.swift */,
				AB975F5F25B5697700741E1A /* AppearanceSettingView.swift */,
				AB975F6225B56B1D00741E1A /* ReadingSettingView.swift */,
				AB975F6825B5737200741E1A /* EhPandaView.swift */,
				ABA732E125A8590900B3D9AB /* FilterView.swift */,
			);
			path = "ホーム";
			sourceTree = "<group>";
		};
		ABF313A825B1B99F00D47A2F /* 詳細情報 */ = {
			isa = PBXGroup;
			children = (
				ABC3C7722593699A00E0C11B /* DetailView.swift */,
				ABF313A025B1714400D47A2F /* AssociatedView.swift */,
				AB718B2425A0C0AC00D32962 /* CommentView.swift */,
			);
			path = "詳細情報";
			sourceTree = "<group>";
		};
		ABF313A925B1B9B400D47A2F /* コンテンツ */ = {
			isa = PBXGroup;
			children = (
				ABC3C7742593699A00E0C11B /* ContentView.swift */,
			);
			path = "コンテンツ";
			sourceTree = "<group>";
		};
/* End PBXGroup section */

/* Begin PBXNativeTarget section */
		ABC3C7532593696C00E0C11B /* EhPanda */ = {
			isa = PBXNativeTarget;
			buildConfigurationList = ABC3C7632593696E00E0C11B /* Build configuration list for PBXNativeTarget "EhPanda" */;
			buildPhases = (
				ABC3C7502593696C00E0C11B /* Sources */,
				ABC3C7512593696C00E0C11B /* Frameworks */,
				ABC3C7522593696C00E0C11B /* Resources */,
			);
			buildRules = (
			);
			dependencies = (
			);
			name = EhPanda;
			packageProductDependencies = (
				ABC3C79C259369FE00E0C11B /* Kanna */,
				AB89AF4825B3CE8800A0E1BA /* Kingfisher */,
				AB1CBE5B25B81D8900CD6A5B /* Introspect */,
			);
			productName = EhPanda;
			productReference = ABC3C7542593696C00E0C11B /* EhPanda.app */;
			productType = "com.apple.product-type.application";
		};
/* End PBXNativeTarget section */

/* Begin PBXProject section */
		ABC3C74C2593696C00E0C11B /* Project object */ = {
			isa = PBXProject;
			attributes = {
				LastSwiftUpdateCheck = 1220;
				LastUpgradeCheck = 1220;
				TargetAttributes = {
					ABC3C7532593696C00E0C11B = {
						CreatedOnToolsVersion = 12.2;
					};
				};
			};
			buildConfigurationList = ABC3C74F2593696C00E0C11B /* Build configuration list for PBXProject "EhPanda" */;
			compatibilityVersion = "Xcode 9.3";
			developmentRegion = ja;
			hasScannedForEncodings = 0;
			knownRegions = (
				en,
				Base,
				ja,
				"zh-Hans",
			);
			mainGroup = ABC3C74B2593696C00E0C11B;
			packageReferences = (
				ABC3C79B259369FE00E0C11B /* XCRemoteSwiftPackageReference "Kanna" */,
				AB89AF4725B3CE8800A0E1BA /* XCRemoteSwiftPackageReference "Kingfisher" */,
				AB1CBE5A25B81D8900CD6A5B /* XCRemoteSwiftPackageReference "SwiftUI-Introspect" */,
			);
			productRefGroup = ABC3C7552593696C00E0C11B /* Products */;
			projectDirPath = "";
			projectRoot = "";
			targets = (
				ABC3C7532593696C00E0C11B /* EhPanda */,
			);
		};
/* End PBXProject section */

/* Begin PBXResourcesBuildPhase section */
		ABC3C7522593696C00E0C11B /* Resources */ = {
			isa = PBXResourcesBuildPhase;
			buildActionMask = 2147483647;
			files = (
				ABC3C7852593699B00E0C11B /* Assets.xcassets in Resources */,
				ABEE0AFA2595C6F800C997AE /* Localizable.strings in Resources */,
			);
			runOnlyForDeploymentPostprocessing = 0;
		};
/* End PBXResourcesBuildPhase section */

/* Begin PBXSourcesBuildPhase section */
		ABC3C7502593696C00E0C11B /* Sources */ = {
			isa = PBXSourcesBuildPhase;
			buildActionMask = 2147483647;
			files = (
				AB994DC32598B3E000E9A367 /* WebView.swift in Sources */,
				AB975F6325B56B1D00741E1A /* ReadingSettingView.swift in Sources */,
				ABA732D925A8018A00B3D9AB /* Extensions.swift in Sources */,
				AB40CFDC25983EC200D1DC9A /* FileStorage.swift in Sources */,
				AB975F6025B5697700741E1A /* AppearanceSettingView.swift in Sources */,
				ABCD2F0A259763FC008E5A20 /* Request.swift in Sources */,
				ABA732E225A8590900B3D9AB /* FilterView.swift in Sources */,
				ABCD2F07259760D4008E5A20 /* AppError.swift in Sources */,
				ABF48D1625B2EB1800D1C667 /* Placeholder.swift in Sources */,
				ABC3C7892593699B00E0C11B /* Defaults.swift in Sources */,
				ABF3D55925B023C70094AD82 /* TagCloudView.swift in Sources */,
				AB40CFDF25983EDF00D1DC9A /* FileHelper.swift in Sources */,
				ABC3C78E2593699B00E0C11B /* ContentView.swift in Sources */,
				ABF313A125B1714400D47A2F /* AssociatedView.swift in Sources */,
				ABC3C7902593699B00E0C11B /* RatingView.swift in Sources */,
				ABCD2F03259760CB008E5A20 /* AppCommand.swift in Sources */,
				AB975F6925B5737200741E1A /* EhPandaView.swift in Sources */,
				ABC3C78F2593699B00E0C11B /* ViewModifiers.swift in Sources */,
				ABCD2EF82597602D008E5A20 /* Store.swift in Sources */,
				ABC3C7862593699B00E0C11B /* Common.swift in Sources */,
				ABCD2F0E25976B95008E5A20 /* Parser.swift in Sources */,
				ABF5B64825ADF2D700EE5DA8 /* AccountSettingView.swift in Sources */,
				AB1CBE5825B81ACC00CD6A5B /* Home.swift in Sources */,
				AB994DCB2598D96200E9A367 /* AlertView.swift in Sources */,
				ABC3C78D2593699B00E0C11B /* HomeView.swift in Sources */,
				ABDAD2A825AC28BF00BA4DB8 /* KRefreshScrollView.swift in Sources */,
				ABCD2F00259760BE008E5A20 /* AppState.swift in Sources */,
				ABEA1FE625A9B40B002966B9 /* Setting.swift in Sources */,
				ABC3C78C2593699B00E0C11B /* DetailView.swift in Sources */,
				AB15535C25B290F000D0293B /* MangaSummaryRow.swift in Sources */,
				ABC3C7962593699B00E0C11B /* Manga.swift in Sources */,
				ABCD2EFC2597607C008E5A20 /* AppAction.swift in Sources */,
				ABC3C7872593699B00E0C11B /* EhPandaApp.swift in Sources */,
				ABF313A525B1AB6600D47A2F /* Misc.swift in Sources */,
				AB718B2525A0C0AC00D32962 /* CommentView.swift in Sources */,
				ABF75F4325A1C11100544D29 /* Comment.swift in Sources */,
				AB975F6625B56D5700741E1A /* GeneralSettingView.swift in Sources */,
				ABA732DF25A852D800B3D9AB /* Filter.swift in Sources */,
				AB994DC02598B17500E9A367 /* SettingView.swift in Sources */,
				ABF75F3F25A19CD200544D29 /* User.swift in Sources */,
			);
			runOnlyForDeploymentPostprocessing = 0;
		};
/* End PBXSourcesBuildPhase section */

/* Begin PBXVariantGroup section */
		ABEE0AFC2595C6F800C997AE /* Localizable.strings */ = {
			isa = PBXVariantGroup;
			children = (
				ABEE0AFB2595C6F800C997AE /* en */,
				ABEE0AFE2595C73D00C997AE /* zh-Hans */,
				AB994DBB25986F7A00E9A367 /* ja */,
			);
			name = Localizable.strings;
			sourceTree = "<group>";
		};
/* End PBXVariantGroup section */

/* Begin XCBuildConfiguration section */
		ABC3C7612593696E00E0C11B /* Debug */ = {
			isa = XCBuildConfiguration;
			buildSettings = {
				ALWAYS_SEARCH_USER_PATHS = NO;
				CLANG_ANALYZER_NONNULL = YES;
				CLANG_ANALYZER_NUMBER_OBJECT_CONVERSION = YES_AGGRESSIVE;
				CLANG_CXX_LANGUAGE_STANDARD = "gnu++14";
				CLANG_CXX_LIBRARY = "libc++";
				CLANG_ENABLE_MODULES = YES;
				CLANG_ENABLE_OBJC_ARC = YES;
				CLANG_ENABLE_OBJC_WEAK = YES;
				CLANG_WARN_BLOCK_CAPTURE_AUTORELEASING = YES;
				CLANG_WARN_BOOL_CONVERSION = YES;
				CLANG_WARN_COMMA = YES;
				CLANG_WARN_CONSTANT_CONVERSION = YES;
				CLANG_WARN_DEPRECATED_OBJC_IMPLEMENTATIONS = YES;
				CLANG_WARN_DIRECT_OBJC_ISA_USAGE = YES_ERROR;
				CLANG_WARN_DOCUMENTATION_COMMENTS = YES;
				CLANG_WARN_EMPTY_BODY = YES;
				CLANG_WARN_ENUM_CONVERSION = YES;
				CLANG_WARN_INFINITE_RECURSION = YES;
				CLANG_WARN_INT_CONVERSION = YES;
				CLANG_WARN_NON_LITERAL_NULL_CONVERSION = YES;
				CLANG_WARN_OBJC_IMPLICIT_RETAIN_SELF = YES;
				CLANG_WARN_OBJC_LITERAL_CONVERSION = YES;
				CLANG_WARN_OBJC_ROOT_CLASS = YES_ERROR;
				CLANG_WARN_QUOTED_INCLUDE_IN_FRAMEWORK_HEADER = YES;
				CLANG_WARN_RANGE_LOOP_ANALYSIS = YES;
				CLANG_WARN_STRICT_PROTOTYPES = YES;
				CLANG_WARN_SUSPICIOUS_MOVE = YES;
				CLANG_WARN_UNGUARDED_AVAILABILITY = YES_AGGRESSIVE;
				CLANG_WARN_UNREACHABLE_CODE = YES;
				CLANG_WARN__DUPLICATE_METHOD_MATCH = YES;
				COPY_PHASE_STRIP = NO;
				DEBUG_INFORMATION_FORMAT = dwarf;
				ENABLE_STRICT_OBJC_MSGSEND = YES;
				ENABLE_TESTABILITY = YES;
				GCC_C_LANGUAGE_STANDARD = gnu11;
				GCC_DYNAMIC_NO_PIC = NO;
				GCC_NO_COMMON_BLOCKS = YES;
				GCC_OPTIMIZATION_LEVEL = 0;
				GCC_PREPROCESSOR_DEFINITIONS = (
					"DEBUG=1",
					"$(inherited)",
				);
				GCC_WARN_64_TO_32_BIT_CONVERSION = YES;
				GCC_WARN_ABOUT_RETURN_TYPE = YES_ERROR;
				GCC_WARN_UNDECLARED_SELECTOR = YES;
				GCC_WARN_UNINITIALIZED_AUTOS = YES_AGGRESSIVE;
				GCC_WARN_UNUSED_FUNCTION = YES;
				GCC_WARN_UNUSED_VARIABLE = YES;
				IPHONEOS_DEPLOYMENT_TARGET = 14.0;
				MTL_ENABLE_DEBUG_INFO = INCLUDE_SOURCE;
				MTL_FAST_MATH = YES;
				ONLY_ACTIVE_ARCH = YES;
				SDKROOT = iphoneos;
				SWIFT_ACTIVE_COMPILATION_CONDITIONS = DEBUG;
				SWIFT_OPTIMIZATION_LEVEL = "-Onone";
			};
			name = Debug;
		};
		ABC3C7622593696E00E0C11B /* Release */ = {
			isa = XCBuildConfiguration;
			buildSettings = {
				ALWAYS_SEARCH_USER_PATHS = NO;
				CLANG_ANALYZER_NONNULL = YES;
				CLANG_ANALYZER_NUMBER_OBJECT_CONVERSION = YES_AGGRESSIVE;
				CLANG_CXX_LANGUAGE_STANDARD = "gnu++14";
				CLANG_CXX_LIBRARY = "libc++";
				CLANG_ENABLE_MODULES = YES;
				CLANG_ENABLE_OBJC_ARC = YES;
				CLANG_ENABLE_OBJC_WEAK = YES;
				CLANG_WARN_BLOCK_CAPTURE_AUTORELEASING = YES;
				CLANG_WARN_BOOL_CONVERSION = YES;
				CLANG_WARN_COMMA = YES;
				CLANG_WARN_CONSTANT_CONVERSION = YES;
				CLANG_WARN_DEPRECATED_OBJC_IMPLEMENTATIONS = YES;
				CLANG_WARN_DIRECT_OBJC_ISA_USAGE = YES_ERROR;
				CLANG_WARN_DOCUMENTATION_COMMENTS = YES;
				CLANG_WARN_EMPTY_BODY = YES;
				CLANG_WARN_ENUM_CONVERSION = YES;
				CLANG_WARN_INFINITE_RECURSION = YES;
				CLANG_WARN_INT_CONVERSION = YES;
				CLANG_WARN_NON_LITERAL_NULL_CONVERSION = YES;
				CLANG_WARN_OBJC_IMPLICIT_RETAIN_SELF = YES;
				CLANG_WARN_OBJC_LITERAL_CONVERSION = YES;
				CLANG_WARN_OBJC_ROOT_CLASS = YES_ERROR;
				CLANG_WARN_QUOTED_INCLUDE_IN_FRAMEWORK_HEADER = YES;
				CLANG_WARN_RANGE_LOOP_ANALYSIS = YES;
				CLANG_WARN_STRICT_PROTOTYPES = YES;
				CLANG_WARN_SUSPICIOUS_MOVE = YES;
				CLANG_WARN_UNGUARDED_AVAILABILITY = YES_AGGRESSIVE;
				CLANG_WARN_UNREACHABLE_CODE = YES;
				CLANG_WARN__DUPLICATE_METHOD_MATCH = YES;
				COPY_PHASE_STRIP = NO;
				DEBUG_INFORMATION_FORMAT = "dwarf-with-dsym";
				ENABLE_NS_ASSERTIONS = NO;
				ENABLE_STRICT_OBJC_MSGSEND = YES;
				GCC_C_LANGUAGE_STANDARD = gnu11;
				GCC_NO_COMMON_BLOCKS = YES;
				GCC_WARN_64_TO_32_BIT_CONVERSION = YES;
				GCC_WARN_ABOUT_RETURN_TYPE = YES_ERROR;
				GCC_WARN_UNDECLARED_SELECTOR = YES;
				GCC_WARN_UNINITIALIZED_AUTOS = YES_AGGRESSIVE;
				GCC_WARN_UNUSED_FUNCTION = YES;
				GCC_WARN_UNUSED_VARIABLE = YES;
				IPHONEOS_DEPLOYMENT_TARGET = 14.0;
				MTL_ENABLE_DEBUG_INFO = NO;
				MTL_FAST_MATH = YES;
				SDKROOT = iphoneos;
				SWIFT_COMPILATION_MODE = wholemodule;
				SWIFT_OPTIMIZATION_LEVEL = "-O";
				VALIDATE_PRODUCT = YES;
			};
			name = Release;
		};
		ABC3C7642593696E00E0C11B /* Debug */ = {
			isa = XCBuildConfiguration;
			buildSettings = {
				ASSETCATALOG_COMPILER_APPICON_NAME = AppIcon;
				ASSETCATALOG_COMPILER_GLOBAL_ACCENT_COLOR_NAME = AccentColor;
				CODE_SIGN_ENTITLEMENTS = EhPanda/EhPanda.entitlements;
				CODE_SIGN_STYLE = Automatic;
				CURRENT_PROJECT_VERSION = 20;
				DEVELOPMENT_ASSET_PATHS = "";
				DEVELOPMENT_TEAM = 9SKQ7QTZ74;
				ENABLE_PREVIEWS = YES;
				INFOPLIST_FILE = "$(SRCROOT)/EhPanda/アプリ/Info.plist";
				IPHONEOS_DEPLOYMENT_TARGET = 14.0;
				LD_RUNPATH_SEARCH_PATHS = (
					"$(inherited)",
					"@executable_path/Frameworks",
				);
				MARKETING_VERSION = 1.0.1;
				PRODUCT_BUNDLE_IDENTIFIER = zeng.EhPanda;
				PRODUCT_NAME = "$(TARGET_NAME)";
				SWIFT_VERSION = 5.0;
				TARGETED_DEVICE_FAMILY = "1,2";
			};
			name = Debug;
		};
		ABC3C7652593696E00E0C11B /* Release */ = {
			isa = XCBuildConfiguration;
			buildSettings = {
				ASSETCATALOG_COMPILER_APPICON_NAME = AppIcon;
				ASSETCATALOG_COMPILER_GLOBAL_ACCENT_COLOR_NAME = AccentColor;
				CODE_SIGN_ENTITLEMENTS = EhPanda/EhPanda.entitlements;
				CODE_SIGN_STYLE = Automatic;
				CURRENT_PROJECT_VERSION = 20;
				DEVELOPMENT_ASSET_PATHS = "";
				DEVELOPMENT_TEAM = 9SKQ7QTZ74;
				ENABLE_PREVIEWS = YES;
				INFOPLIST_FILE = "$(SRCROOT)/EhPanda/アプリ/Info.plist";
				IPHONEOS_DEPLOYMENT_TARGET = 14.0;
				LD_RUNPATH_SEARCH_PATHS = (
					"$(inherited)",
					"@executable_path/Frameworks",
				);
				MARKETING_VERSION = 1.0.1;
				PRODUCT_BUNDLE_IDENTIFIER = zeng.EhPanda;
				PRODUCT_NAME = "$(TARGET_NAME)";
				SWIFT_VERSION = 5.0;
				TARGETED_DEVICE_FAMILY = "1,2";
			};
			name = Release;
		};
/* End XCBuildConfiguration section */

/* Begin XCConfigurationList section */
		ABC3C74F2593696C00E0C11B /* Build configuration list for PBXProject "EhPanda" */ = {
			isa = XCConfigurationList;
			buildConfigurations = (
				ABC3C7612593696E00E0C11B /* Debug */,
				ABC3C7622593696E00E0C11B /* Release */,
			);
			defaultConfigurationIsVisible = 0;
			defaultConfigurationName = Release;
		};
		ABC3C7632593696E00E0C11B /* Build configuration list for PBXNativeTarget "EhPanda" */ = {
			isa = XCConfigurationList;
			buildConfigurations = (
				ABC3C7642593696E00E0C11B /* Debug */,
				ABC3C7652593696E00E0C11B /* Release */,
			);
			defaultConfigurationIsVisible = 0;
			defaultConfigurationName = Release;
		};
/* End XCConfigurationList section */

/* Begin XCRemoteSwiftPackageReference section */
		AB1CBE5A25B81D8900CD6A5B /* XCRemoteSwiftPackageReference "SwiftUI-Introspect" */ = {
			isa = XCRemoteSwiftPackageReference;
			repositoryURL = "https://github.com/siteline/SwiftUI-Introspect.git";
			requirement = {
				kind = upToNextMajorVersion;
				minimumVersion = 0.1.2;
			};
		};
		AB89AF4725B3CE8800A0E1BA /* XCRemoteSwiftPackageReference "Kingfisher" */ = {
			isa = XCRemoteSwiftPackageReference;
			repositoryURL = "https://github.com/onevcat/Kingfisher.git";
			requirement = {
				kind = upToNextMajorVersion;
				minimumVersion = 6.0.1;
			};
		};
		ABC3C79B259369FE00E0C11B /* XCRemoteSwiftPackageReference "Kanna" */ = {
			isa = XCRemoteSwiftPackageReference;
			repositoryURL = "https://github.com/tid-kijyun/Kanna.git";
			requirement = {
				kind = upToNextMajorVersion;
				minimumVersion = 5.2.4;
			};
		};
/* End XCRemoteSwiftPackageReference section */

/* Begin XCSwiftPackageProductDependency section */
		AB1CBE5B25B81D8900CD6A5B /* Introspect */ = {
			isa = XCSwiftPackageProductDependency;
			package = AB1CBE5A25B81D8900CD6A5B /* XCRemoteSwiftPackageReference "SwiftUI-Introspect" */;
			productName = Introspect;
		};
		AB89AF4825B3CE8800A0E1BA /* Kingfisher */ = {
			isa = XCSwiftPackageProductDependency;
			package = AB89AF4725B3CE8800A0E1BA /* XCRemoteSwiftPackageReference "Kingfisher" */;
			productName = Kingfisher;
		};
		ABC3C79C259369FE00E0C11B /* Kanna */ = {
			isa = XCSwiftPackageProductDependency;
			package = ABC3C79B259369FE00E0C11B /* XCRemoteSwiftPackageReference "Kanna" */;
			productName = Kanna;
		};
/* End XCSwiftPackageProductDependency section */
	};
	rootObject = ABC3C74C2593696C00E0C11B /* Project object */;
}
